// !$*UTF8*$!
{
	archiveVersion = 1;
	classes = {
	};
	objectVersion = 44;
	objects = {

/* Begin PBXBuildFile section */
		223456790ED2E572006EC826 /* Empty.cpp in Sources */ = {isa = PBXBuildFile; fileRef = 123456790ED2E572006EC826 /* Empty.cpp */; };
		EA28438D0EF094460044F226 /* libicam.a in Frameworks */ = {isa = PBXBuildFile; fileRef = EA28435F0EF0936A0044F226 /* libicam.a */; };
		EA28438E0EF094470044F226 /* libicntl.a in Frameworks */ = {isa = PBXBuildFile; fileRef = EA2843680EF0939C0044F226 /* libicntl.a */; };
		EA28438F0EF094470044F226 /* libiipr.a in Frameworks */ = {isa = PBXBuildFile; fileRef = EA2843710EF093B70044F226 /* libiipr.a */; };
		EA2843900EF094490044F226 /* libilolv.a in Frameworks */ = {isa = PBXBuildFile; fileRef = EA28437A0EF093E60044F226 /* libilolv.a */; };
		EA2843910EF094490044F226 /* libiproc.a in Frameworks */ = {isa = PBXBuildFile; fileRef = EA2843830EF093FA0044F226 /* libiproc.a */; };
/* End PBXBuildFile section */

/* Begin PBXContainerItemProxy section */
		EA28435E0EF0936A0044F226 /* PBXContainerItemProxy */ = {
			isa = PBXContainerItemProxy;
			containerPortal = EA2843570EF0936A0044F226 /* icam.xcodeproj */;
			proxyType = 2;
			remoteGlobalIDString = D2AAC046055464E500DB518D;
			remoteInfo = icam;
		};
		EA2843670EF0939C0044F226 /* PBXContainerItemProxy */ = {
			isa = PBXContainerItemProxy;
			containerPortal = EA2843600EF0939C0044F226 /* icntl.xcodeproj */;
			proxyType = 2;
			remoteGlobalIDString = D2AAC046055464E500DB518D;
			remoteInfo = icntl;
		};
		EA2843700EF093B70044F226 /* PBXContainerItemProxy */ = {
			isa = PBXContainerItemProxy;
			containerPortal = EA2843690EF093B70044F226 /* iipr.xcodeproj */;
			proxyType = 2;
			remoteGlobalIDString = D2AAC046055464E500DB518D;
			remoteInfo = iipr;
		};
		EA2843790EF093E60044F226 /* PBXContainerItemProxy */ = {
			isa = PBXContainerItemProxy;
			containerPortal = EA2843720EF093E60044F226 /* ilolv.xcodeproj */;
			proxyType = 2;
			remoteGlobalIDString = D2AAC046055464E500DB518D;
			remoteInfo = ilolv;
		};
		EA2843820EF093FA0044F226 /* PBXContainerItemProxy */ = {
			isa = PBXContainerItemProxy;
			containerPortal = EA28437B0EF093FA0044F226 /* iproc.xcodeproj */;
			proxyType = 2;
			remoteGlobalIDString = D2AAC046055464E500DB518D;
			remoteInfo = iproc;
		};
		EA2844120EF098ED0044F226 /* PBXContainerItemProxy */ = {
			isa = PBXContainerItemProxy;
			containerPortal = EA28440B0EF098ED0044F226 /* isig.xcodeproj */;
			proxyType = 2;
			remoteGlobalIDString = D2AAC046055464E500DB518D;
			remoteInfo = isig;
		};
		EA2844140EF099030044F226 /* PBXContainerItemProxy */ = {
			isa = PBXContainerItemProxy;
			containerPortal = EA28440B0EF098ED0044F226 /* isig.xcodeproj */;
			proxyType = 1;
			remoteGlobalIDString = D2AAC045055464E500DB518D;
			remoteInfo = isig;
		};
		EA2844160EF099030044F226 /* PBXContainerItemProxy */ = {
			isa = PBXContainerItemProxy;
			containerPortal = EA2843600EF0939C0044F226 /* icntl.xcodeproj */;
			proxyType = 1;
			remoteGlobalIDString = D2AAC045055464E500DB518D;
			remoteInfo = icntl;
		};
		EA2844180EF099030044F226 /* PBXContainerItemProxy */ = {
			isa = PBXContainerItemProxy;
			containerPortal = EA2843690EF093B70044F226 /* iipr.xcodeproj */;
			proxyType = 1;
			remoteGlobalIDString = D2AAC045055464E500DB518D;
			remoteInfo = iipr;
		};
		EA28441A0EF099030044F226 /* PBXContainerItemProxy */ = {
			isa = PBXContainerItemProxy;
			containerPortal = EA2843570EF0936A0044F226 /* icam.xcodeproj */;
			proxyType = 1;
			remoteGlobalIDString = D2AAC045055464E500DB518D;
			remoteInfo = icam;
		};
		EA28441C0EF099030044F226 /* PBXContainerItemProxy */ = {
			isa = PBXContainerItemProxy;
			containerPortal = EA2843720EF093E60044F226 /* ilolv.xcodeproj */;
			proxyType = 1;
			remoteGlobalIDString = D2AAC045055464E500DB518D;
			remoteInfo = ilolv;
		};
		EA28441E0EF099030044F226 /* PBXContainerItemProxy */ = {
			isa = PBXContainerItemProxy;
			containerPortal = EA28437B0EF093FA0044F226 /* iproc.xcodeproj */;
			proxyType = 1;
			remoteGlobalIDString = D2AAC045055464E500DB518D;
			remoteInfo = iproc;
		};
/* End PBXContainerItemProxy section */

/* Begin PBXFileReference section */
		123456790ED2E572006EC826 /* Empty.cpp */ = {isa = PBXFileReference; fileEncoding = 4; lastKnownFileType = sourcecode.cpp.cpp; name = Empty.cpp; path = ../Empty.cpp; sourceTree = SOURCE_ROOT; };
		D2AAC046055464E500DB518D /* libiacfstd.a */ = {isa = PBXFileReference; explicitFileType = archive.ar; includeInIndex = 0; path = libiacfstd.a; sourceTree = BUILT_PRODUCTS_DIR; };
		EA2843570EF0936A0044F226 /* icam.xcodeproj */ = {isa = PBXFileReference; lastKnownFileType = "wrapper.pb-project"; name = icam.xcodeproj; path = ../../../Include/icam/Xcd/icam.xcodeproj; sourceTree = SOURCE_ROOT; };
		EA2843600EF0939C0044F226 /* icntl.xcodeproj */ = {isa = PBXFileReference; lastKnownFileType = "wrapper.pb-project"; name = icntl.xcodeproj; path = ../../../Include/icntl/Xcd/icntl.xcodeproj; sourceTree = SOURCE_ROOT; };
		EA2843690EF093B70044F226 /* iipr.xcodeproj */ = {isa = PBXFileReference; lastKnownFileType = "wrapper.pb-project"; name = iipr.xcodeproj; path = ../../../Include/iipr/Xcd/iipr.xcodeproj; sourceTree = SOURCE_ROOT; };
		EA2843720EF093E60044F226 /* ilolv.xcodeproj */ = {isa = PBXFileReference; lastKnownFileType = "wrapper.pb-project"; name = ilolv.xcodeproj; path = ../../../Include/ilolv/Xcd/ilolv.xcodeproj; sourceTree = SOURCE_ROOT; };
		EA28437B0EF093FA0044F226 /* iproc.xcodeproj */ = {isa = PBXFileReference; lastKnownFileType = "wrapper.pb-project"; name = iproc.xcodeproj; path = ../../../Include/iproc/Xcd/iproc.xcodeproj; sourceTree = SOURCE_ROOT; };
		EA28440B0EF098ED0044F226 /* isig.xcodeproj */ = {isa = PBXFileReference; lastKnownFileType = "wrapper.pb-project"; name = isig.xcodeproj; path = ../../../Include/isig/Xcd/isig.xcodeproj; sourceTree = SOURCE_ROOT; };
/* End PBXFileReference section */

/* Begin PBXFrameworksBuildPhase section */
		D289987405E68DCB004EDB86 /* Frameworks */ = {
			isa = PBXFrameworksBuildPhase;
			buildActionMask = 2147483647;
			files = (
				EA28438D0EF094460044F226 /* libicam.a in Frameworks */,
				EA28438E0EF094470044F226 /* libicntl.a in Frameworks */,
				EA28438F0EF094470044F226 /* libiipr.a in Frameworks */,
				EA2843900EF094490044F226 /* libilolv.a in Frameworks */,
				EA2843910EF094490044F226 /* libiproc.a in Frameworks */,
			);
			runOnlyForDeploymentPostprocessing = 0;
		};
/* End PBXFrameworksBuildPhase section */

/* Begin PBXGroup section */
		08FB7794FE84155DC02AAC07 /* iacfstd */ = {
			isa = PBXGroup;
			children = (
				EA28440B0EF098ED0044F226 /* isig.xcodeproj */,
				EA28437B0EF093FA0044F226 /* iproc.xcodeproj */,
				EA2843720EF093E60044F226 /* ilolv.xcodeproj */,
				EA2843690EF093B70044F226 /* iipr.xcodeproj */,
				EA2843600EF0939C0044F226 /* icntl.xcodeproj */,
				EA2843570EF0936A0044F226 /* icam.xcodeproj */,
				EAB5AC950ED2E587006EC826 /* Header */,
				08FB7795FE84155DC02AAC07 /* Source */,
				C6A0FF2B0290797F04C91782 /* Forms */,
				EA9856AA0EEABE3D00C738EF /* Resources */,
				EA9856A50EEABE3D00C738EF /* Generated */,
				EA9856A60EEABE5300C738EF /* Garbages */,
				1AB674ADFE9D54B511CA2CBB /* Products */,
			);
			name = iacfstd;
			sourceTree = "<group>";
		};
		08FB7795FE84155DC02AAC07 /* Source */ = {
			isa = PBXGroup;
			children = (
				123456790ED2E572006EC826 /* Empty.cpp */,
			);
			name = Source;
			sourceTree = "<group>";
		};
		1AB674ADFE9D54B511CA2CBB /* Products */ = {
			isa = PBXGroup;
			children = (
				D2AAC046055464E500DB518D /* libiacfstd.a */,
			);
			name = Products;
			sourceTree = "<group>";
		};
		C6A0FF2B0290797F04C91782 /* Forms */ = {
			isa = PBXGroup;
			children = (
			);
			name = Forms;
			sourceTree = "<group>";
		};
		EA2843580EF0936A0044F226 /* Products */ = {
			isa = PBXGroup;
			children = (
				EA28435F0EF0936A0044F226 /* libicam.a */,
			);
			name = Products;
			sourceTree = "<group>";
		};
		EA2843610EF0939C0044F226 /* Products */ = {
			isa = PBXGroup;
			children = (
				EA2843680EF0939C0044F226 /* libicntl.a */,
			);
			name = Products;
			sourceTree = "<group>";
		};
		EA28436A0EF093B70044F226 /* Products */ = {
			isa = PBXGroup;
			children = (
				EA2843710EF093B70044F226 /* libiipr.a */,
			);
			name = Products;
			sourceTree = "<group>";
		};
		EA2843730EF093E60044F226 /* Products */ = {
			isa = PBXGroup;
			children = (
				EA28437A0EF093E60044F226 /* libilolv.a */,
			);
			name = Products;
			sourceTree = "<group>";
		};
		EA28437C0EF093FA0044F226 /* Products */ = {
			isa = PBXGroup;
			children = (
				EA2843830EF093FA0044F226 /* libiproc.a */,
			);
			name = Products;
			sourceTree = "<group>";
		};
		EA28440C0EF098ED0044F226 /* Products */ = {
			isa = PBXGroup;
			children = (
				EA2844130EF098ED0044F226 /* libisig.a */,
			);
			name = Products;
			sourceTree = "<group>";
		};
		EA9856A50EEABE3D00C738EF /* Generated */ = {
			isa = PBXGroup;
			children = (
			);
			name = Generated;
			sourceTree = "<group>";
		};
		EA9856A60EEABE5300C738EF /* Garbages */ = {
			isa = PBXGroup;
			children = (
			);
			name = Garbages;
			sourceTree = "<group>";
		};
		EA9856AA0EEABE3D00C738EF /* Resources */ = {
			isa = PBXGroup;
			children = (
			);
			name = Resources;
			sourceTree = "<group>";
		};
		EAB5AC950ED2E587006EC826 /* Header */ = {
			isa = PBXGroup;
			children = (
			);
			name = Header;
			sourceTree = "<group>";
		};
/* End PBXGroup section */

/* Begin PBXHeadersBuildPhase section */
		D2AAC043055464E500DB518D /* Headers */ = {
			isa = PBXHeadersBuildPhase;
			buildActionMask = 2147483647;
			files = (
			);
			runOnlyForDeploymentPostprocessing = 0;
		};
/* End PBXHeadersBuildPhase section */

/* Begin PBXNativeTarget section */
		D2AAC045055464E500DB518D /* iacfstd */ = {
			isa = PBXNativeTarget;
			buildConfigurationList = 1DEB91EB08733DB70010E9CD /* Build configuration list for PBXNativeTarget "iacfstd" */;
			buildPhases = (
				EA6981130EEBF38E00FE4110 /* ShellScript */,
				D2AAC043055464E500DB518D /* Headers */,
				D2AAC044055464E500DB518D /* Sources */,
				D289987405E68DCB004EDB86 /* Frameworks */,
			);
			buildRules = (
			);
			dependencies = (
				EA2844150EF099030044F226 /* PBXTargetDependency */,
				EA2844170EF099030044F226 /* PBXTargetDependency */,
				EA2844190EF099030044F226 /* PBXTargetDependency */,
				EA28441B0EF099030044F226 /* PBXTargetDependency */,
				EA28441D0EF099030044F226 /* PBXTargetDependency */,
				EA28441F0EF099030044F226 /* PBXTargetDependency */,
			);
			name = iacfstd;
			productName = iacfstd;
			productReference = D2AAC046055464E500DB518D /* libiacfstd.a */;
			productType = "com.apple.product-type.library.static";
		};
/* End PBXNativeTarget section */

/* Begin PBXProject section */
		08FB7793FE84155DC02AAC07 /* Project object */ = {
			isa = PBXProject;
			buildConfigurationList = 1DEB91EF08733DB70010E9CD /* Build configuration list for PBXProject "IacfStd" */;
			compatibilityVersion = "Xcode 3.0";
			hasScannedForEncodings = 1;
			mainGroup = 08FB7794FE84155DC02AAC07 /* iacfstd */;
			projectDirPath = "";
			projectReferences = (
				{
					ProductGroup = EA2843580EF0936A0044F226 /* Products */;
					ProjectRef = EA2843570EF0936A0044F226 /* icam.xcodeproj */;
				},
				{
					ProductGroup = EA2843610EF0939C0044F226 /* Products */;
					ProjectRef = EA2843600EF0939C0044F226 /* icntl.xcodeproj */;
				},
				{
					ProductGroup = EA28436A0EF093B70044F226 /* Products */;
					ProjectRef = EA2843690EF093B70044F226 /* iipr.xcodeproj */;
				},
				{
					ProductGroup = EA2843730EF093E60044F226 /* Products */;
					ProjectRef = EA2843720EF093E60044F226 /* ilolv.xcodeproj */;
				},
				{
					ProductGroup = EA28437C0EF093FA0044F226 /* Products */;
					ProjectRef = EA28437B0EF093FA0044F226 /* iproc.xcodeproj */;
				},
				{
					ProductGroup = EA28440C0EF098ED0044F226 /* Products */;
					ProjectRef = EA28440B0EF098ED0044F226 /* isig.xcodeproj */;
				},
			);
			projectRoot = "";
			targets = (
				D2AAC045055464E500DB518D /* iacfstd */,
			);
		};
/* End PBXProject section */

/* Begin PBXReferenceProxy section */
		EA28435F0EF0936A0044F226 /* libicam.a */ = {
			isa = PBXReferenceProxy;
			fileType = archive.ar;
			path = libicam.a;
			remoteRef = EA28435E0EF0936A0044F226 /* PBXContainerItemProxy */;
			sourceTree = BUILT_PRODUCTS_DIR;
		};
		EA2843680EF0939C0044F226 /* libicntl.a */ = {
			isa = PBXReferenceProxy;
			fileType = archive.ar;
			path = libicntl.a;
			remoteRef = EA2843670EF0939C0044F226 /* PBXContainerItemProxy */;
			sourceTree = BUILT_PRODUCTS_DIR;
		};
		EA2843710EF093B70044F226 /* libiipr.a */ = {
			isa = PBXReferenceProxy;
			fileType = archive.ar;
			path = libiipr.a;
			remoteRef = EA2843700EF093B70044F226 /* PBXContainerItemProxy */;
			sourceTree = BUILT_PRODUCTS_DIR;
		};
		EA28437A0EF093E60044F226 /* libilolv.a */ = {
			isa = PBXReferenceProxy;
			fileType = archive.ar;
			path = libilolv.a;
			remoteRef = EA2843790EF093E60044F226 /* PBXContainerItemProxy */;
			sourceTree = BUILT_PRODUCTS_DIR;
		};
		EA2843830EF093FA0044F226 /* libiproc.a */ = {
			isa = PBXReferenceProxy;
			fileType = archive.ar;
			path = libiproc.a;
			remoteRef = EA2843820EF093FA0044F226 /* PBXContainerItemProxy */;
			sourceTree = BUILT_PRODUCTS_DIR;
		};
		EA2844130EF098ED0044F226 /* libisig.a */ = {
			isa = PBXReferenceProxy;
			fileType = archive.ar;
			path = libisig.a;
			remoteRef = EA2844120EF098ED0044F226 /* PBXContainerItemProxy */;
			sourceTree = BUILT_PRODUCTS_DIR;
		};
/* End PBXReferenceProxy section */

/* Begin PBXShellScriptBuildPhase section */
		EA6981130EEBF38E00FE4110 /* ShellScript */ = {
			isa = PBXShellScriptBuildPhase;
			buildActionMask = 2147483647;
			comments = "UIC'ing...";
			files = (
			);
			inputPaths = (
			);
			outputPaths = (
			);
			runOnlyForDeploymentPostprocessing = 0;
			shellPath = /bin/sh;
			shellScript = "";
		};
/* End PBXShellScriptBuildPhase section */

/* Begin PBXSourcesBuildPhase section */
		D2AAC044055464E500DB518D /* Sources */ = {
			isa = PBXSourcesBuildPhase;
			buildActionMask = 2147483647;
			files = (
				223456790ED2E572006EC826 /* Empty.cpp in Sources */,
			);
			runOnlyForDeploymentPostprocessing = 0;
		};
/* End PBXSourcesBuildPhase section */

/* Begin PBXTargetDependency section */
		EA2844150EF099030044F226 /* PBXTargetDependency */ = {
			isa = PBXTargetDependency;
			name = isig;
			targetProxy = EA2844140EF099030044F226 /* PBXContainerItemProxy */;
		};
		EA2844170EF099030044F226 /* PBXTargetDependency */ = {
			isa = PBXTargetDependency;
			name = icntl;
			targetProxy = EA2844160EF099030044F226 /* PBXContainerItemProxy */;
		};
		EA2844190EF099030044F226 /* PBXTargetDependency */ = {
			isa = PBXTargetDependency;
			name = iipr;
			targetProxy = EA2844180EF099030044F226 /* PBXContainerItemProxy */;
		};
		EA28441B0EF099030044F226 /* PBXTargetDependency */ = {
			isa = PBXTargetDependency;
			name = icam;
			targetProxy = EA28441A0EF099030044F226 /* PBXContainerItemProxy */;
		};
		EA28441D0EF099030044F226 /* PBXTargetDependency */ = {
			isa = PBXTargetDependency;
			name = ilolv;
			targetProxy = EA28441C0EF099030044F226 /* PBXContainerItemProxy */;
		};
		EA28441F0EF099030044F226 /* PBXTargetDependency */ = {
			isa = PBXTargetDependency;
			name = iproc;
			targetProxy = EA28441E0EF099030044F226 /* PBXContainerItemProxy */;
		};
/* End PBXTargetDependency section */

/* Begin XCBuildConfiguration section */
		1DEB91EC08733DB70010E9CD /* Debug */ = {
			isa = XCBuildConfiguration;
			buildSettings = {
				CONFIGURATION_BUILD_DIR = "../../../Lib/$(CONFIGURATION)Xcd";
				COPY_PHASE_STRIP = NO;
				EXECUTABLE_EXTENSION = a;
				EXECUTABLE_PREFIX = lib;
				GCC_DYNAMIC_NO_PIC = NO;
				GCC_ENABLE_FIX_AND_CONTINUE = YES;
				GCC_INLINES_ARE_PRIVATE_EXTERN = YES;
				GCC_MODEL_TUNING = G5;
				GCC_OPTIMIZATION_LEVEL = 0;
				GCC_SYMBOLS_PRIVATE_EXTERN = YES;
				INSTALL_PATH = /usr/local/lib;
				PRODUCT_NAME = iacfstd;
				ZERO_LINK = YES;
			};
			name = Debug;
		};
		1DEB91ED08733DB70010E9CD /* Release */ = {
			isa = XCBuildConfiguration;
			buildSettings = {
				CONFIGURATION_BUILD_DIR = "../../../Lib/$(CONFIGURATION)Xcd";
				DEBUG_INFORMATION_FORMAT = "dwarf-with-dsym";
				EXECUTABLE_EXTENSION = a;
				EXECUTABLE_PREFIX = lib;
				GCC_INLINES_ARE_PRIVATE_EXTERN = YES;
				GCC_MODEL_TUNING = G5;
				GCC_SYMBOLS_PRIVATE_EXTERN = YES;
				INSTALL_PATH = /usr/local/lib;
				PRODUCT_NAME = iacfstd;
			};
			name = Release;
		};
		1DEB91F008733DB70010E9CD /* Debug */ = {
			isa = XCBuildConfiguration;
			buildSettings = {
				GCC_INLINES_ARE_PRIVATE_EXTERN = YES;
				GCC_SYMBOLS_PRIVATE_EXTERN = YES;
				GCC_WARN_ABOUT_RETURN_TYPE = YES;
				GCC_WARN_UNUSED_VARIABLE = YES;
				HEADER_SEARCH_PATHS = (
					../../../Include,
					../..,
					/Library/Frameworks/QtCore.framework/Headers,
					/Library/Frameworks/QtGui.framework/Headers,
					/Library/Frameworks/QtNetwork.framework/Headers,
					/Library/Frameworks/QtScript.framework/Headers,
					/Library/Frameworks/QtXml.framework/Headers,
				);
				PREBINDING = NO;
				SDKROOT = "$(DEVELOPER_SDK_DIR)/MacOSX10.5.sdk";
			};
			name = Debug;
		};
		1DEB91F108733DB70010E9CD /* Release */ = {
			isa = XCBuildConfiguration;
			buildSettings = {
				ARCHS = (
					ppc,
					i386,
				);
				GCC_INLINES_ARE_PRIVATE_EXTERN = YES;
				GCC_SYMBOLS_PRIVATE_EXTERN = YES;
				GCC_WARN_ABOUT_RETURN_TYPE = YES;
				GCC_WARN_UNUSED_VARIABLE = YES;
				HEADER_SEARCH_PATHS = (
					../../../Include,
					../..,
					/Library/Frameworks/QtCore.framework/Headers,
					/Library/Frameworks/QtGui.framework/Headers,
					/Library/Frameworks/QtNetwork.framework/Headers,
					/Library/Frameworks/QtScript.framework/Headers,
					/Library/Frameworks/QtXml.framework/Headers,
				);
				PREBINDING = NO;
				SDKROOT = "$(DEVELOPER_SDK_DIR)/MacOSX10.5.sdk";
			};
			name = Release;
		};
/* End XCBuildConfiguration section */

/* Begin XCConfigurationList section */
		1DEB91EB08733DB70010E9CD /* Build configuration list for PBXNativeTarget "iacfstd" */ = {
			isa = XCConfigurationList;
			buildConfigurations = (
				1DEB91EC08733DB70010E9CD /* Debug */,
				1DEB91ED08733DB70010E9CD /* Release */,
			);
			defaultConfigurationIsVisible = 0;
			defaultConfigurationName = Release;
		};
		1DEB91EF08733DB70010E9CD /* Build configuration list for PBXProject "IacfStd" */ = {
			isa = XCConfigurationList;
			buildConfigurations = (
				1DEB91F008733DB70010E9CD /* Debug */,
				1DEB91F108733DB70010E9CD /* Release */,
			);
			defaultConfigurationIsVisible = 0;
			defaultConfigurationName = Release;
		};
/* End XCConfigurationList section */
	};
	rootObject = 08FB7793FE84155DC02AAC07 /* Project object */;
}
