// !$*UTF8*$!
{
	archiveVersion = 1;
	classes = {
	};
	objectVersion = 44;
	objects = {

/* Begin PBXBuildFile section */
		223456790ED2E572006EC826 /* CGeneralInfoDriverBase.cpp in Sources */ = {isa = PBXBuildFile; fileRef = 123456790ED2E572006EC826 /* CGeneralInfoDriverBase.cpp */; };
		223456800ED2E572006EC826 /* CIoCardTracerDriverBase.cpp in Sources */ = {isa = PBXBuildFile; fileRef = 123456800ED2E572006EC826 /* CIoCardTracerDriverBase.cpp */; };
		223456810ED2E572006EC826 /* CMultiTracerDriverBase.cpp in Sources */ = {isa = PBXBuildFile; fileRef = 123456810ED2E572006EC826 /* CMultiTracerDriverBase.cpp */; };
		223456820ED2E572006EC826 /* CSignalBitsDriverBase.cpp in Sources */ = {isa = PBXBuildFile; fileRef = 123456820ED2E572006EC826 /* CSignalBitsDriverBase.cpp */; };
		223456830ED2E572006EC826 /* CSingleCountTracerDriverBase.cpp in Sources */ = {isa = PBXBuildFile; fileRef = 123456830ED2E572006EC826 /* CSingleCountTracerDriverBase.cpp */; };
		223456840ED2E572006EC826 /* CTracerDriverBase.cpp in Sources */ = {isa = PBXBuildFile; fileRef = 123456840ED2E572006EC826 /* CTracerDriverBase.cpp */; };
		223456850ED2E572006EC826 /* CGeneralInfoCommands.h in Headers */ = {isa = PBXBuildFile; fileRef = 123456850ED2E572006EC826 /* CGeneralInfoCommands.h */; };
		223456860ED2E572006EC826 /* CGeneralInfoDriverBase.h in Headers */ = {isa = PBXBuildFile; fileRef = 123456860ED2E572006EC826 /* CGeneralInfoDriverBase.h */; };
		223456870ED2E572006EC826 /* CInspectionUnitCommands.h in Headers */ = {isa = PBXBuildFile; fileRef = 123456870ED2E572006EC826 /* CInspectionUnitCommands.h */; };
		223456880ED2E572006EC826 /* CIoCardTracerCommands.h in Headers */ = {isa = PBXBuildFile; fileRef = 123456880ED2E572006EC826 /* CIoCardTracerCommands.h */; };
		223456890ED2E572006EC826 /* CIoCardTracerDriverBase.h in Headers */ = {isa = PBXBuildFile; fileRef = 123456890ED2E572006EC826 /* CIoCardTracerDriverBase.h */; };
		223456900ED2E572006EC826 /* CMultiTracerCommands.h in Headers */ = {isa = PBXBuildFile; fileRef = 123456900ED2E572006EC826 /* CMultiTracerCommands.h */; };
		223456910ED2E572006EC826 /* CMultiTracerDriverBase.h in Headers */ = {isa = PBXBuildFile; fileRef = 123456910ED2E572006EC826 /* CMultiTracerDriverBase.h */; };
		223456920ED2E572006EC826 /* CSignalBitsCommands.h in Headers */ = {isa = PBXBuildFile; fileRef = 123456920ED2E572006EC826 /* CSignalBitsCommands.h */; };
		223456930ED2E572006EC826 /* CSignalBitsDriverBase.h in Headers */ = {isa = PBXBuildFile; fileRef = 123456930ED2E572006EC826 /* CSignalBitsDriverBase.h */; };
		223456940ED2E572006EC826 /* CSingleCountTracerDriverBase.h in Headers */ = {isa = PBXBuildFile; fileRef = 123456940ED2E572006EC826 /* CSingleCountTracerDriverBase.h */; };
		223456950ED2E572006EC826 /* CTracerCommands.h in Headers */ = {isa = PBXBuildFile; fileRef = 123456950ED2E572006EC826 /* CTracerCommands.h */; };
		223456960ED2E572006EC826 /* CTracerDriverBase.h in Headers */ = {isa = PBXBuildFile; fileRef = 123456960ED2E572006EC826 /* CTracerDriverBase.h */; };
		223456970ED2E572006EC826 /* ICommandCaller.h in Headers */ = {isa = PBXBuildFile; fileRef = 123456970ED2E572006EC826 /* ICommandCaller.h */; };
		223456980ED2E572006EC826 /* IDigitalIo.h in Headers */ = {isa = PBXBuildFile; fileRef = 123456980ED2E572006EC826 /* IDigitalIo.h */; };
		223456990ED2E572006EC826 /* IDriver.h in Headers */ = {isa = PBXBuildFile; fileRef = 123456990ED2E572006EC826 /* IDriver.h */; };
		223457000ED2E572006EC826 /* ilolv.h in Headers */ = {isa = PBXBuildFile; fileRef = 123457000ED2E572006EC826 /* ilolv.h */; };
		223457010ED2E572006EC826 /* TOrderedPositionsQueue.h in Headers */ = {isa = PBXBuildFile; fileRef = 123457010ED2E572006EC826 /* TOrderedPositionsQueue.h */; };
/* End PBXBuildFile section */

/* Begin PBXFileReference section */
		123456790ED2E572006EC826 /* CGeneralInfoDriverBase.cpp */ = {isa = PBXFileReference; fileEncoding = 4; lastKnownFileType = sourcecode.cpp.cpp; name = CGeneralInfoDriverBase.cpp; path = ../CGeneralInfoDriverBase.cpp; sourceTree = SOURCE_ROOT; };
		123456800ED2E572006EC826 /* CIoCardTracerDriverBase.cpp */ = {isa = PBXFileReference; fileEncoding = 4; lastKnownFileType = sourcecode.cpp.cpp; name = CIoCardTracerDriverBase.cpp; path = ../CIoCardTracerDriverBase.cpp; sourceTree = SOURCE_ROOT; };
		123456810ED2E572006EC826 /* CMultiTracerDriverBase.cpp */ = {isa = PBXFileReference; fileEncoding = 4; lastKnownFileType = sourcecode.cpp.cpp; name = CMultiTracerDriverBase.cpp; path = ../CMultiTracerDriverBase.cpp; sourceTree = SOURCE_ROOT; };
		123456820ED2E572006EC826 /* CSignalBitsDriverBase.cpp */ = {isa = PBXFileReference; fileEncoding = 4; lastKnownFileType = sourcecode.cpp.cpp; name = CSignalBitsDriverBase.cpp; path = ../CSignalBitsDriverBase.cpp; sourceTree = SOURCE_ROOT; };
		123456830ED2E572006EC826 /* CSingleCountTracerDriverBase.cpp */ = {isa = PBXFileReference; fileEncoding = 4; lastKnownFileType = sourcecode.cpp.cpp; name = CSingleCountTracerDriverBase.cpp; path = ../CSingleCountTracerDriverBase.cpp; sourceTree = SOURCE_ROOT; };
		123456840ED2E572006EC826 /* CTracerDriverBase.cpp */ = {isa = PBXFileReference; fileEncoding = 4; lastKnownFileType = sourcecode.cpp.cpp; name = CTracerDriverBase.cpp; path = ../CTracerDriverBase.cpp; sourceTree = SOURCE_ROOT; };
		123456850ED2E572006EC826 /* CGeneralInfoCommands.h */ = {isa = PBXFileReference; fileEncoding = 4; lastKnownFileType = sourcecode.cpp.cpp; name = CGeneralInfoCommands.h; path = ../CGeneralInfoCommands.h; sourceTree = SOURCE_ROOT; };
		123456860ED2E572006EC826 /* CGeneralInfoDriverBase.h */ = {isa = PBXFileReference; fileEncoding = 4; lastKnownFileType = sourcecode.cpp.cpp; name = CGeneralInfoDriverBase.h; path = ../CGeneralInfoDriverBase.h; sourceTree = SOURCE_ROOT; };
		123456870ED2E572006EC826 /* CInspectionUnitCommands.h */ = {isa = PBXFileReference; fileEncoding = 4; lastKnownFileType = sourcecode.cpp.cpp; name = CInspectionUnitCommands.h; path = ../CInspectionUnitCommands.h; sourceTree = SOURCE_ROOT; };
		123456880ED2E572006EC826 /* CIoCardTracerCommands.h */ = {isa = PBXFileReference; fileEncoding = 4; lastKnownFileType = sourcecode.cpp.cpp; name = CIoCardTracerCommands.h; path = ../CIoCardTracerCommands.h; sourceTree = SOURCE_ROOT; };
		123456890ED2E572006EC826 /* CIoCardTracerDriverBase.h */ = {isa = PBXFileReference; fileEncoding = 4; lastKnownFileType = sourcecode.cpp.cpp; name = CIoCardTracerDriverBase.h; path = ../CIoCardTracerDriverBase.h; sourceTree = SOURCE_ROOT; };
		123456900ED2E572006EC826 /* CMultiTracerCommands.h */ = {isa = PBXFileReference; fileEncoding = 4; lastKnownFileType = sourcecode.cpp.cpp; name = CMultiTracerCommands.h; path = ../CMultiTracerCommands.h; sourceTree = SOURCE_ROOT; };
		123456910ED2E572006EC826 /* CMultiTracerDriverBase.h */ = {isa = PBXFileReference; fileEncoding = 4; lastKnownFileType = sourcecode.cpp.cpp; name = CMultiTracerDriverBase.h; path = ../CMultiTracerDriverBase.h; sourceTree = SOURCE_ROOT; };
		123456920ED2E572006EC826 /* CSignalBitsCommands.h */ = {isa = PBXFileReference; fileEncoding = 4; lastKnownFileType = sourcecode.cpp.cpp; name = CSignalBitsCommands.h; path = ../CSignalBitsCommands.h; sourceTree = SOURCE_ROOT; };
		123456930ED2E572006EC826 /* CSignalBitsDriverBase.h */ = {isa = PBXFileReference; fileEncoding = 4; lastKnownFileType = sourcecode.cpp.cpp; name = CSignalBitsDriverBase.h; path = ../CSignalBitsDriverBase.h; sourceTree = SOURCE_ROOT; };
		123456940ED2E572006EC826 /* CSingleCountTracerDriverBase.h */ = {isa = PBXFileReference; fileEncoding = 4; lastKnownFileType = sourcecode.cpp.cpp; name = CSingleCountTracerDriverBase.h; path = ../CSingleCountTracerDriverBase.h; sourceTree = SOURCE_ROOT; };
		123456950ED2E572006EC826 /* CTracerCommands.h */ = {isa = PBXFileReference; fileEncoding = 4; lastKnownFileType = sourcecode.cpp.cpp; name = CTracerCommands.h; path = ../CTracerCommands.h; sourceTree = SOURCE_ROOT; };
		123456960ED2E572006EC826 /* CTracerDriverBase.h */ = {isa = PBXFileReference; fileEncoding = 4; lastKnownFileType = sourcecode.cpp.cpp; name = CTracerDriverBase.h; path = ../CTracerDriverBase.h; sourceTree = SOURCE_ROOT; };
		123456970ED2E572006EC826 /* ICommandCaller.h */ = {isa = PBXFileReference; fileEncoding = 4; lastKnownFileType = sourcecode.cpp.cpp; name = ICommandCaller.h; path = ../ICommandCaller.h; sourceTree = SOURCE_ROOT; };
		123456980ED2E572006EC826 /* IDigitalIo.h */ = {isa = PBXFileReference; fileEncoding = 4; lastKnownFileType = sourcecode.cpp.cpp; name = IDigitalIo.h; path = ../IDigitalIo.h; sourceTree = SOURCE_ROOT; };
		123456990ED2E572006EC826 /* IDriver.h */ = {isa = PBXFileReference; fileEncoding = 4; lastKnownFileType = sourcecode.cpp.cpp; name = IDriver.h; path = ../IDriver.h; sourceTree = SOURCE_ROOT; };
		123457000ED2E572006EC826 /* ilolv.h */ = {isa = PBXFileReference; fileEncoding = 4; lastKnownFileType = sourcecode.cpp.cpp; name = ilolv.h; path = ../ilolv.h; sourceTree = SOURCE_ROOT; };
		123457010ED2E572006EC826 /* TOrderedPositionsQueue.h */ = {isa = PBXFileReference; fileEncoding = 4; lastKnownFileType = sourcecode.cpp.cpp; name = TOrderedPositionsQueue.h; path = ../TOrderedPositionsQueue.h; sourceTree = SOURCE_ROOT; };
		D2AAC046055464E500DB518D /* libilolv.a */ = {isa = PBXFileReference; explicitFileType = archive.ar; includeInIndex = 0; path = libilolv.a; sourceTree = BUILT_PRODUCTS_DIR; };
/* End PBXFileReference section */

/* Begin PBXFrameworksBuildPhase section */
		D289987405E68DCB004EDB86 /* Frameworks */ = {
			isa = PBXFrameworksBuildPhase;
			buildActionMask = 2147483647;
			files = (
			);
			runOnlyForDeploymentPostprocessing = 0;
		};
/* End PBXFrameworksBuildPhase section */

/* Begin PBXGroup section */
		08FB7794FE84155DC02AAC07 /* ilolv */ = {
			isa = PBXGroup;
			children = (
				EAB5AC950ED2E587006EC826 /* Header */,
				08FB7795FE84155DC02AAC07 /* Source */,
				C6A0FF2B0290797F04C91782 /* Forms */,
				EA9856AA0EEABE3D00C738EF /* Resources */,
				EA9856A50EEABE3D00C738EF /* Generated */,
				EA9856A60EEABE5300C738EF /* Garbages */,
				1AB674ADFE9D54B511CA2CBB /* Products */,
			);
			name = ilolv;
			sourceTree = "<group>";
		};
		EAB5AC950ED2E587006EC826 /* Header */ = {
			isa = PBXGroup;
			children = (
				123456850ED2E572006EC826 /* CGeneralInfoCommands.h */,
				123456860ED2E572006EC826 /* CGeneralInfoDriverBase.h */,
				123456870ED2E572006EC826 /* CInspectionUnitCommands.h */,
				123456880ED2E572006EC826 /* CIoCardTracerCommands.h */,
				123456890ED2E572006EC826 /* CIoCardTracerDriverBase.h */,
				123456900ED2E572006EC826 /* CMultiTracerCommands.h */,
				123456910ED2E572006EC826 /* CMultiTracerDriverBase.h */,
				123456920ED2E572006EC826 /* CSignalBitsCommands.h */,
				123456930ED2E572006EC826 /* CSignalBitsDriverBase.h */,
				123456940ED2E572006EC826 /* CSingleCountTracerDriverBase.h */,
				123456950ED2E572006EC826 /* CTracerCommands.h */,
				123456960ED2E572006EC826 /* CTracerDriverBase.h */,
				123456970ED2E572006EC826 /* ICommandCaller.h */,
				123456980ED2E572006EC826 /* IDigitalIo.h */,
				123456990ED2E572006EC826 /* IDriver.h */,
				123457000ED2E572006EC826 /* ilolv.h */,
				123457010ED2E572006EC826 /* TOrderedPositionsQueue.h */,
			);
			name = Header;
			sourceTree = "<group>";
		};
		08FB7795FE84155DC02AAC07 /* Source */ = {
			isa = PBXGroup;
			children = (
				123456790ED2E572006EC826 /* CGeneralInfoDriverBase.cpp */,
				123456800ED2E572006EC826 /* CIoCardTracerDriverBase.cpp */,
				123456810ED2E572006EC826 /* CMultiTracerDriverBase.cpp */,
				123456820ED2E572006EC826 /* CSignalBitsDriverBase.cpp */,
				123456830ED2E572006EC826 /* CSingleCountTracerDriverBase.cpp */,
				123456840ED2E572006EC826 /* CTracerDriverBase.cpp */,
			);
			name = Source;
			sourceTree = "<group>";
		};
		C6A0FF2B0290797F04C91782 /* Forms */ = {
			isa = PBXGroup;
			children = (
			);
			name = Forms;
			sourceTree = "<group>";
		};
		EA9856AA0EEABE3D00C738EF /* Resources */ = {
			isa = PBXGroup;
			children = (
			);
			name = Resources;
			sourceTree = "<group>";
		};
		EA9856A50EEABE3D00C738EF /* Generated */ = {
			isa = PBXGroup;
			children = (
			);
			name = Generated;
			sourceTree = "<group>";
		};
		EA9856A60EEABE5300C738EF /* Garbages */ = {
			isa = PBXGroup;
			children = (
			);
			name = Garbages;
			sourceTree = "<group>";
		};
		1AB674ADFE9D54B511CA2CBB /* Products */ = {
			isa = PBXGroup;
			children = (
				D2AAC046055464E500DB518D /* libilolv.a */,
			);
			name = Products;
			sourceTree = "<group>";
		};
/* End PBXGroup section */

/* Begin PBXHeadersBuildPhase section */
		D2AAC043055464E500DB518D /* Headers */ = {
			isa = PBXHeadersBuildPhase;
			buildActionMask = 2147483647;
			files = (
				223456850ED2E572006EC826 /* CGeneralInfoCommands.h in Headers */,
				223456860ED2E572006EC826 /* CGeneralInfoDriverBase.h in Headers */,
				223456870ED2E572006EC826 /* CInspectionUnitCommands.h in Headers */,
				223456880ED2E572006EC826 /* CIoCardTracerCommands.h in Headers */,
				223456890ED2E572006EC826 /* CIoCardTracerDriverBase.h in Headers */,
				223456900ED2E572006EC826 /* CMultiTracerCommands.h in Headers */,
				223456910ED2E572006EC826 /* CMultiTracerDriverBase.h in Headers */,
				223456920ED2E572006EC826 /* CSignalBitsCommands.h in Headers */,
				223456930ED2E572006EC826 /* CSignalBitsDriverBase.h in Headers */,
				223456940ED2E572006EC826 /* CSingleCountTracerDriverBase.h in Headers */,
				223456950ED2E572006EC826 /* CTracerCommands.h in Headers */,
				223456960ED2E572006EC826 /* CTracerDriverBase.h in Headers */,
				223456970ED2E572006EC826 /* ICommandCaller.h in Headers */,
				223456980ED2E572006EC826 /* IDigitalIo.h in Headers */,
				223456990ED2E572006EC826 /* IDriver.h in Headers */,
				223457000ED2E572006EC826 /* ilolv.h in Headers */,
				223457010ED2E572006EC826 /* TOrderedPositionsQueue.h in Headers */,
			);
			runOnlyForDeploymentPostprocessing = 0;
		};
/* End PBXHeadersBuildPhase section */

/* Begin PBXNativeTarget section */
		D2AAC045055464E500DB518D /* ilolv */ = {
			isa = PBXNativeTarget;
			buildConfigurationList = 1DEB91EB08733DB70010E9CD /* Build configuration list for PBXNativeTarget "ilolv" */;
			buildPhases = (
				EA6981130EEBF38E00FE4110 /* ShellScript */,
				D2AAC043055464E500DB518D /* Headers */,
				D2AAC044055464E500DB518D /* Sources */,
				D289987405E68DCB004EDB86 /* Frameworks */,
			);
			buildRules = (
			);
			dependencies = (
			);
			name = ilolv;
			productName = ilolv;
			productReference = D2AAC046055464E500DB518D /* libilolv.a */;
			productType = "com.apple.product-type.library.static";
		};
/* End PBXNativeTarget section */

/* Begin PBXProject section */
		08FB7793FE84155DC02AAC07 /* Project object */ = {
			isa = PBXProject;
			buildConfigurationList = 1DEB91EF08733DB70010E9CD /* Build configuration list for PBXProject "ilolv" */;
			compatibilityVersion = "Xcode 3.0";
			hasScannedForEncodings = 1;
			mainGroup = 08FB7794FE84155DC02AAC07 /* ilolv */;
			projectDirPath = "";
			projectRoot = "";
			targets = (
				D2AAC045055464E500DB518D /* ilolv */,
			);
		};
/* End PBXProject section */

/* Begin PBXShellScriptBuildPhase section */
		EA6981130EEBF38E00FE4110 /* ShellScript */ = {
			isa = PBXShellScriptBuildPhase;
			buildActionMask = 2147483647;
			comments = "UIC'ing...";
			files = (
			);
			inputPaths = (
			);
			outputPaths = (
			);
			runOnlyForDeploymentPostprocessing = 0;
			shellPath = /bin/sh;
			shellScript = "";
		};
/* End PBXShellScriptBuildPhase section */

/* Begin PBXSourcesBuildPhase section */
		D2AAC044055464E500DB518D /* Sources */ = {
			isa = PBXSourcesBuildPhase;
			buildActionMask = 2147483647;
			files = (
				223456790ED2E572006EC826 /* CGeneralInfoDriverBase.cpp in Sources */,
				223456800ED2E572006EC826 /* CIoCardTracerDriverBase.cpp in Sources */,
				223456810ED2E572006EC826 /* CMultiTracerDriverBase.cpp in Sources */,
				223456820ED2E572006EC826 /* CSignalBitsDriverBase.cpp in Sources */,
				223456830ED2E572006EC826 /* CSingleCountTracerDriverBase.cpp in Sources */,
				223456840ED2E572006EC826 /* CTracerDriverBase.cpp in Sources */,
			);
			runOnlyForDeploymentPostprocessing = 0;
		};
/* End PBXSourcesBuildPhase section */

/* Begin XCBuildConfiguration section */
		1DEB91EC08733DB70010E9CD /* Debug */ = {
			isa = XCBuildConfiguration;
			buildSettings = {
				GCC_INLINES_ARE_PRIVATE_EXTERN = YES;
				GCC_SYMBOLS_PRIVATE_EXTERN = YES;
				GCC_PREPROCESSOR_DEFINITIONS = "_DEBUG=1";
				CONFIGURATION_BUILD_DIR = "../../../Lib/$(CONFIGURATION)Xcd";
				EXECUTABLE_EXTENSION = "a";
				EXECUTABLE_PREFIX = "lib";
				COPY_PHASE_STRIP = NO;
				GCC_DYNAMIC_NO_PIC = NO;
				GCC_ENABLE_FIX_AND_CONTINUE = YES;
				GCC_MODEL_TUNING = G5;
				GCC_OPTIMIZATION_LEVEL = 0;
				INSTALL_PATH = /usr/local/lib;
				PRODUCT_NAME = ilolv;
				ZERO_LINK = YES;
			};
			name = Debug;
		};
		1DEB91ED08733DB70010E9CD /* Release */ = {
			isa = XCBuildConfiguration;
			buildSettings = {
				GCC_INLINES_ARE_PRIVATE_EXTERN = YES;
				GCC_SYMBOLS_PRIVATE_EXTERN = YES;
				CONFIGURATION_BUILD_DIR = "../../../Lib/$(CONFIGURATION)Xcd";
				EXECUTABLE_EXTENSION = "a";
				EXECUTABLE_PREFIX = "lib";
				DEBUG_INFORMATION_FORMAT = "dwarf-with-dsym";
				GCC_MODEL_TUNING = G5;
				INSTALL_PATH = /usr/local/lib;
				PRODUCT_NAME = ilolv;
			};
			name = Release;
		};
		1DEB91F008733DB70010E9CD /* Debug */ = {
			isa = XCBuildConfiguration;
			buildSettings = {
				GCC_INLINES_ARE_PRIVATE_EXTERN = YES;
				GCC_SYMBOLS_PRIVATE_EXTERN = YES;
				GCC_PREPROCESSOR_DEFINITIONS = "_DEBUG=1";
				GCC_WARN_ABOUT_RETURN_TYPE = YES;
				GCC_WARN_UNUSED_VARIABLE = YES;
				HEADER_SEARCH_PATHS = (
					../../,
					"${ACFDIR}/Include",
				);
				PREBINDING = NO;
				SDKROOT = "$(DEVELOPER_SDK_DIR)/MacOSX10.5.sdk";
			};
			name = Debug;
		};
		1DEB91F108733DB70010E9CD /* Release */ = {
			isa = XCBuildConfiguration;
			buildSettings = {
				ARCHS = (
					ppc,
					i386,
				);
				GCC_INLINES_ARE_PRIVATE_EXTERN = YES;
				GCC_SYMBOLS_PRIVATE_EXTERN = YES;
				GCC_WARN_ABOUT_RETURN_TYPE = YES;
				GCC_WARN_UNUSED_VARIABLE = YES;
				HEADER_SEARCH_PATHS = (
					../../,
					"${ACFDIR}/Include",
				);
				PREBINDING = NO;
				SDKROOT = "$(DEVELOPER_SDK_DIR)/MacOSX10.5.sdk";
			};
			name = Release;
		};
/* End XCBuildConfiguration section */

/* Begin XCConfigurationList section */
		1DEB91EB08733DB70010E9CD /* Build configuration list for PBXNativeTarget "ilolv" */ = {
			isa = XCConfigurationList;
			buildConfigurations = (
				1DEB91EC08733DB70010E9CD /* Debug */,
				1DEB91ED08733DB70010E9CD /* Release */,
			);
			defaultConfigurationIsVisible = 0;
			defaultConfigurationName = Release;
		};
		1DEB91EF08733DB70010E9CD /* Build configuration list for PBXProject "ilolv" */ = {
			isa = XCConfigurationList;
			buildConfigurations = (
				1DEB91F008733DB70010E9CD /* Debug */,
				1DEB91F108733DB70010E9CD /* Release */,
			);
			defaultConfigurationIsVisible = 0;
			defaultConfigurationName = Release;
		};
/* End XCConfigurationList section */
	};
	rootObject = 08FB7793FE84155DC02AAC07 /* Project object */;
}
