// !$*UTF8*$!
{
	archiveVersion = 1;
	classes = {
	};
	objectVersion = 44;
	objects = {

/* Begin PBXBuildFile section */
		223456790ED2E572006EC826 /* CEjectorParamsComp.cpp in Sources */ = {isa = PBXBuildFile; fileRef = 123456790ED2E572006EC826 /* CEjectorParamsComp.cpp */; };
		223456800ED2E572006EC826 /* CInspectionUnitParamsComp.cpp in Sources */ = {isa = PBXBuildFile; fileRef = 123456800ED2E572006EC826 /* CInspectionUnitParamsComp.cpp */; };
		223456810ED2E572006EC826 /* CLineParamsComp.cpp in Sources */ = {isa = PBXBuildFile; fileRef = 123456810ED2E572006EC826 /* CLineParamsComp.cpp */; };
		223456820ED2E572006EC826 /* CMultiLineParamsComp.cpp in Sources */ = {isa = PBXBuildFile; fileRef = 123456820ED2E572006EC826 /* CMultiLineParamsComp.cpp */; };
		223456830ED2E572006EC826 /* CEjectorParamsComp.h in Headers */ = {isa = PBXBuildFile; fileRef = 123456830ED2E572006EC826 /* CEjectorParamsComp.h */; };
		223456840ED2E572006EC826 /* CInspectionUnitParamsComp.h in Headers */ = {isa = PBXBuildFile; fileRef = 123456840ED2E572006EC826 /* CInspectionUnitParamsComp.h */; };
		223456850ED2E572006EC826 /* CLineParamsComp.h in Headers */ = {isa = PBXBuildFile; fileRef = 123456850ED2E572006EC826 /* CLineParamsComp.h */; };
		223456860ED2E572006EC826 /* CMultiLineParamsComp.h in Headers */ = {isa = PBXBuildFile; fileRef = 123456860ED2E572006EC826 /* CMultiLineParamsComp.h */; };
		223456870ED2E572006EC826 /* IAutomaticController.h in Headers */ = {isa = PBXBuildFile; fileRef = 123456870ED2E572006EC826 /* IAutomaticController.h */; };
		223456880ED2E572006EC826 /* icntl.h in Headers */ = {isa = PBXBuildFile; fileRef = 123456880ED2E572006EC826 /* icntl.h */; };
		223456890ED2E572006EC826 /* IEjectorController.h in Headers */ = {isa = PBXBuildFile; fileRef = 123456890ED2E572006EC826 /* IEjectorController.h */; };
		223456900ED2E572006EC826 /* IEjectorParams.h in Headers */ = {isa = PBXBuildFile; fileRef = 123456900ED2E572006EC826 /* IEjectorParams.h */; };
		223456910ED2E572006EC826 /* IInspectionUnitController.h in Headers */ = {isa = PBXBuildFile; fileRef = 123456910ED2E572006EC826 /* IInspectionUnitController.h */; };
		223456920ED2E572006EC826 /* IInspectionUnitParams.h in Headers */ = {isa = PBXBuildFile; fileRef = 123456920ED2E572006EC826 /* IInspectionUnitParams.h */; };
		223456930ED2E572006EC826 /* ILineController.h in Headers */ = {isa = PBXBuildFile; fileRef = 123456930ED2E572006EC826 /* ILineController.h */; };
		223456940ED2E572006EC826 /* ILineParams.h in Headers */ = {isa = PBXBuildFile; fileRef = 123456940ED2E572006EC826 /* ILineParams.h */; };
		223456950ED2E572006EC826 /* IMultiLineController.h in Headers */ = {isa = PBXBuildFile; fileRef = 123456950ED2E572006EC826 /* IMultiLineController.h */; };
		223456960ED2E572006EC826 /* IMultiLineParams.h in Headers */ = {isa = PBXBuildFile; fileRef = 123456960ED2E572006EC826 /* IMultiLineParams.h */; };
		223456970ED2E572006EC826 /* IObjectInspection.h in Headers */ = {isa = PBXBuildFile; fileRef = 123456970ED2E572006EC826 /* IObjectInspection.h */; };
/* End PBXBuildFile section */

/* Begin PBXFileReference section */
		123456790ED2E572006EC826 /* CEjectorParamsComp.cpp */ = {isa = PBXFileReference; fileEncoding = 4; lastKnownFileType = sourcecode.cpp.cpp; name = CEjectorParamsComp.cpp; path = ../CEjectorParamsComp.cpp; sourceTree = SOURCE_ROOT; };
		123456800ED2E572006EC826 /* CInspectionUnitParamsComp.cpp */ = {isa = PBXFileReference; fileEncoding = 4; lastKnownFileType = sourcecode.cpp.cpp; name = CInspectionUnitParamsComp.cpp; path = ../CInspectionUnitParamsComp.cpp; sourceTree = SOURCE_ROOT; };
		123456810ED2E572006EC826 /* CLineParamsComp.cpp */ = {isa = PBXFileReference; fileEncoding = 4; lastKnownFileType = sourcecode.cpp.cpp; name = CLineParamsComp.cpp; path = ../CLineParamsComp.cpp; sourceTree = SOURCE_ROOT; };
		123456820ED2E572006EC826 /* CMultiLineParamsComp.cpp */ = {isa = PBXFileReference; fileEncoding = 4; lastKnownFileType = sourcecode.cpp.cpp; name = CMultiLineParamsComp.cpp; path = ../CMultiLineParamsComp.cpp; sourceTree = SOURCE_ROOT; };
		123456830ED2E572006EC826 /* CEjectorParamsComp.h */ = {isa = PBXFileReference; fileEncoding = 4; lastKnownFileType = sourcecode.cpp.cpp; name = CEjectorParamsComp.h; path = ../CEjectorParamsComp.h; sourceTree = SOURCE_ROOT; };
		123456840ED2E572006EC826 /* CInspectionUnitParamsComp.h */ = {isa = PBXFileReference; fileEncoding = 4; lastKnownFileType = sourcecode.cpp.cpp; name = CInspectionUnitParamsComp.h; path = ../CInspectionUnitParamsComp.h; sourceTree = SOURCE_ROOT; };
		123456850ED2E572006EC826 /* CLineParamsComp.h */ = {isa = PBXFileReference; fileEncoding = 4; lastKnownFileType = sourcecode.cpp.cpp; name = CLineParamsComp.h; path = ../CLineParamsComp.h; sourceTree = SOURCE_ROOT; };
		123456860ED2E572006EC826 /* CMultiLineParamsComp.h */ = {isa = PBXFileReference; fileEncoding = 4; lastKnownFileType = sourcecode.cpp.cpp; name = CMultiLineParamsComp.h; path = ../CMultiLineParamsComp.h; sourceTree = SOURCE_ROOT; };
		123456870ED2E572006EC826 /* IAutomaticController.h */ = {isa = PBXFileReference; fileEncoding = 4; lastKnownFileType = sourcecode.cpp.cpp; name = IAutomaticController.h; path = ../IAutomaticController.h; sourceTree = SOURCE_ROOT; };
		123456880ED2E572006EC826 /* icntl.h */ = {isa = PBXFileReference; fileEncoding = 4; lastKnownFileType = sourcecode.cpp.cpp; name = icntl.h; path = ../icntl.h; sourceTree = SOURCE_ROOT; };
		123456890ED2E572006EC826 /* IEjectorController.h */ = {isa = PBXFileReference; fileEncoding = 4; lastKnownFileType = sourcecode.cpp.cpp; name = IEjectorController.h; path = ../IEjectorController.h; sourceTree = SOURCE_ROOT; };
		123456900ED2E572006EC826 /* IEjectorParams.h */ = {isa = PBXFileReference; fileEncoding = 4; lastKnownFileType = sourcecode.cpp.cpp; name = IEjectorParams.h; path = ../IEjectorParams.h; sourceTree = SOURCE_ROOT; };
		123456910ED2E572006EC826 /* IInspectionUnitController.h */ = {isa = PBXFileReference; fileEncoding = 4; lastKnownFileType = sourcecode.cpp.cpp; name = IInspectionUnitController.h; path = ../IInspectionUnitController.h; sourceTree = SOURCE_ROOT; };
		123456920ED2E572006EC826 /* IInspectionUnitParams.h */ = {isa = PBXFileReference; fileEncoding = 4; lastKnownFileType = sourcecode.cpp.cpp; name = IInspectionUnitParams.h; path = ../IInspectionUnitParams.h; sourceTree = SOURCE_ROOT; };
		123456930ED2E572006EC826 /* ILineController.h */ = {isa = PBXFileReference; fileEncoding = 4; lastKnownFileType = sourcecode.cpp.cpp; name = ILineController.h; path = ../ILineController.h; sourceTree = SOURCE_ROOT; };
		123456940ED2E572006EC826 /* ILineParams.h */ = {isa = PBXFileReference; fileEncoding = 4; lastKnownFileType = sourcecode.cpp.cpp; name = ILineParams.h; path = ../ILineParams.h; sourceTree = SOURCE_ROOT; };
		123456950ED2E572006EC826 /* IMultiLineController.h */ = {isa = PBXFileReference; fileEncoding = 4; lastKnownFileType = sourcecode.cpp.cpp; name = IMultiLineController.h; path = ../IMultiLineController.h; sourceTree = SOURCE_ROOT; };
		123456960ED2E572006EC826 /* IMultiLineParams.h */ = {isa = PBXFileReference; fileEncoding = 4; lastKnownFileType = sourcecode.cpp.cpp; name = IMultiLineParams.h; path = ../IMultiLineParams.h; sourceTree = SOURCE_ROOT; };
		123456970ED2E572006EC826 /* IObjectInspection.h */ = {isa = PBXFileReference; fileEncoding = 4; lastKnownFileType = sourcecode.cpp.cpp; name = IObjectInspection.h; path = ../IObjectInspection.h; sourceTree = SOURCE_ROOT; };
		D2AAC046055464E500DB518D /* libicntl.a */ = {isa = PBXFileReference; explicitFileType = archive.ar; includeInIndex = 0; path = libicntl.a; sourceTree = BUILT_PRODUCTS_DIR; };
/* End PBXFileReference section */

/* Begin PBXFrameworksBuildPhase section */
		D289987405E68DCB004EDB86 /* Frameworks */ = {
			isa = PBXFrameworksBuildPhase;
			buildActionMask = 2147483647;
			files = (
			);
			runOnlyForDeploymentPostprocessing = 0;
		};
/* End PBXFrameworksBuildPhase section */

/* Begin PBXGroup section */
		08FB7794FE84155DC02AAC07 /* icntl */ = {
			isa = PBXGroup;
			children = (
				EAB5AC950ED2E587006EC826 /* Header */,
				08FB7795FE84155DC02AAC07 /* Source */,
				C6A0FF2B0290797F04C91782 /* Forms */,
				EA9856AA0EEABE3D00C738EF /* Resources */,
				EA9856A50EEABE3D00C738EF /* Generated */,
				EA9856A60EEABE5300C738EF /* Garbages */,
				1AB674ADFE9D54B511CA2CBB /* Products */,
			);
			name = icntl;
			sourceTree = "<group>";
		};
		EAB5AC950ED2E587006EC826 /* Header */ = {
			isa = PBXGroup;
			children = (
				123456830ED2E572006EC826 /* CEjectorParamsComp.h */,
				123456840ED2E572006EC826 /* CInspectionUnitParamsComp.h */,
				123456850ED2E572006EC826 /* CLineParamsComp.h */,
				123456860ED2E572006EC826 /* CMultiLineParamsComp.h */,
				123456870ED2E572006EC826 /* IAutomaticController.h */,
				123456880ED2E572006EC826 /* icntl.h */,
				123456890ED2E572006EC826 /* IEjectorController.h */,
				123456900ED2E572006EC826 /* IEjectorParams.h */,
				123456910ED2E572006EC826 /* IInspectionUnitController.h */,
				123456920ED2E572006EC826 /* IInspectionUnitParams.h */,
				123456930ED2E572006EC826 /* ILineController.h */,
				123456940ED2E572006EC826 /* ILineParams.h */,
				123456950ED2E572006EC826 /* IMultiLineController.h */,
				123456960ED2E572006EC826 /* IMultiLineParams.h */,
				123456970ED2E572006EC826 /* IObjectInspection.h */,
			);
			name = Header;
			sourceTree = "<group>";
		};
		08FB7795FE84155DC02AAC07 /* Source */ = {
			isa = PBXGroup;
			children = (
				123456790ED2E572006EC826 /* CEjectorParamsComp.cpp */,
				123456800ED2E572006EC826 /* CInspectionUnitParamsComp.cpp */,
				123456810ED2E572006EC826 /* CLineParamsComp.cpp */,
				123456820ED2E572006EC826 /* CMultiLineParamsComp.cpp */,
			);
			name = Source;
			sourceTree = "<group>";
		};
		C6A0FF2B0290797F04C91782 /* Forms */ = {
			isa = PBXGroup;
			children = (
			);
			name = Forms;
			sourceTree = "<group>";
		};
		EA9856AA0EEABE3D00C738EF /* Resources */ = {
			isa = PBXGroup;
			children = (
			);
			name = Resources;
			sourceTree = "<group>";
		};
		EA9856A50EEABE3D00C738EF /* Generated */ = {
			isa = PBXGroup;
			children = (
			);
			name = Generated;
			sourceTree = "<group>";
		};
		EA9856A60EEABE5300C738EF /* Garbages */ = {
			isa = PBXGroup;
			children = (
			);
			name = Garbages;
			sourceTree = "<group>";
		};
		1AB674ADFE9D54B511CA2CBB /* Products */ = {
			isa = PBXGroup;
			children = (
				D2AAC046055464E500DB518D /* libicntl.a */,
			);
			name = Products;
			sourceTree = "<group>";
		};
/* End PBXGroup section */

/* Begin PBXHeadersBuildPhase section */
		D2AAC043055464E500DB518D /* Headers */ = {
			isa = PBXHeadersBuildPhase;
			buildActionMask = 2147483647;
			files = (
				223456830ED2E572006EC826 /* CEjectorParamsComp.h in Headers */,
				223456840ED2E572006EC826 /* CInspectionUnitParamsComp.h in Headers */,
				223456850ED2E572006EC826 /* CLineParamsComp.h in Headers */,
				223456860ED2E572006EC826 /* CMultiLineParamsComp.h in Headers */,
				223456870ED2E572006EC826 /* IAutomaticController.h in Headers */,
				223456880ED2E572006EC826 /* icntl.h in Headers */,
				223456890ED2E572006EC826 /* IEjectorController.h in Headers */,
				223456900ED2E572006EC826 /* IEjectorParams.h in Headers */,
				223456910ED2E572006EC826 /* IInspectionUnitController.h in Headers */,
				223456920ED2E572006EC826 /* IInspectionUnitParams.h in Headers */,
				223456930ED2E572006EC826 /* ILineController.h in Headers */,
				223456940ED2E572006EC826 /* ILineParams.h in Headers */,
				223456950ED2E572006EC826 /* IMultiLineController.h in Headers */,
				223456960ED2E572006EC826 /* IMultiLineParams.h in Headers */,
				223456970ED2E572006EC826 /* IObjectInspection.h in Headers */,
			);
			runOnlyForDeploymentPostprocessing = 0;
		};
/* End PBXHeadersBuildPhase section */

/* Begin PBXNativeTarget section */
		D2AAC045055464E500DB518D /* icntl */ = {
			isa = PBXNativeTarget;
			buildConfigurationList = 1DEB91EB08733DB70010E9CD /* Build configuration list for PBXNativeTarget "icntl" */;
			buildPhases = (
				EA6981130EEBF38E00FE4110 /* ShellScript */,
				D2AAC043055464E500DB518D /* Headers */,
				D2AAC044055464E500DB518D /* Sources */,
				D289987405E68DCB004EDB86 /* Frameworks */,
			);
			buildRules = (
			);
			dependencies = (
			);
			name = icntl;
			productName = icntl;
			productReference = D2AAC046055464E500DB518D /* libicntl.a */;
			productType = "com.apple.product-type.library.static";
		};
/* End PBXNativeTarget section */

/* Begin PBXProject section */
		08FB7793FE84155DC02AAC07 /* Project object */ = {
			isa = PBXProject;
			buildConfigurationList = 1DEB91EF08733DB70010E9CD /* Build configuration list for PBXProject "icntl" */;
			compatibilityVersion = "Xcode 3.0";
			hasScannedForEncodings = 1;
			mainGroup = 08FB7794FE84155DC02AAC07 /* icntl */;
			projectDirPath = "";
			projectRoot = "";
			targets = (
				D2AAC045055464E500DB518D /* icntl */,
			);
		};
/* End PBXProject section */

/* Begin PBXShellScriptBuildPhase section */
		EA6981130EEBF38E00FE4110 /* ShellScript */ = {
			isa = PBXShellScriptBuildPhase;
			buildActionMask = 2147483647;
			comments = "UIC'ing...";
			files = (
			);
			inputPaths = (
			);
			outputPaths = (
			);
			runOnlyForDeploymentPostprocessing = 0;
			shellPath = /bin/sh;
			shellScript = "";
		};
/* End PBXShellScriptBuildPhase section */

/* Begin PBXSourcesBuildPhase section */
		D2AAC044055464E500DB518D /* Sources */ = {
			isa = PBXSourcesBuildPhase;
			buildActionMask = 2147483647;
			files = (
				223456790ED2E572006EC826 /* CEjectorParamsComp.cpp in Sources */,
				223456800ED2E572006EC826 /* CInspectionUnitParamsComp.cpp in Sources */,
				223456810ED2E572006EC826 /* CLineParamsComp.cpp in Sources */,
				223456820ED2E572006EC826 /* CMultiLineParamsComp.cpp in Sources */,
			);
			runOnlyForDeploymentPostprocessing = 0;
		};
/* End PBXSourcesBuildPhase section */

/* Begin XCBuildConfiguration section */
		1DEB91EC08733DB70010E9CD /* Debug */ = {
			isa = XCBuildConfiguration;
			buildSettings = {
				GCC_INLINES_ARE_PRIVATE_EXTERN = YES;
				GCC_SYMBOLS_PRIVATE_EXTERN = YES;
				GCC_PREPROCESSOR_DEFINITIONS = "_DEBUG=1";
				CONFIGURATION_BUILD_DIR = "../../../Lib/$(CONFIGURATION)Xcd";
				EXECUTABLE_EXTENSION = "a";
				EXECUTABLE_PREFIX = "lib";
				COPY_PHASE_STRIP = NO;
				GCC_DYNAMIC_NO_PIC = NO;
				GCC_ENABLE_FIX_AND_CONTINUE = YES;
				GCC_MODEL_TUNING = G5;
				GCC_OPTIMIZATION_LEVEL = 0;
				INSTALL_PATH = /usr/local/lib;
				PRODUCT_NAME = icntl;
				ZERO_LINK = YES;
			};
			name = Debug;
		};
		1DEB91ED08733DB70010E9CD /* Release */ = {
			isa = XCBuildConfiguration;
			buildSettings = {
				GCC_INLINES_ARE_PRIVATE_EXTERN = YES;
				GCC_SYMBOLS_PRIVATE_EXTERN = YES;
				CONFIGURATION_BUILD_DIR = "../../../Lib/$(CONFIGURATION)Xcd";
				EXECUTABLE_EXTENSION = "a";
				EXECUTABLE_PREFIX = "lib";
				DEBUG_INFORMATION_FORMAT = "dwarf-with-dsym";
				GCC_MODEL_TUNING = G5;
				INSTALL_PATH = /usr/local/lib;
				PRODUCT_NAME = icntl;
			};
			name = Release;
		};
		1DEB91F008733DB70010E9CD /* Debug */ = {
			isa = XCBuildConfiguration;
			buildSettings = {
				GCC_INLINES_ARE_PRIVATE_EXTERN = YES;
				GCC_SYMBOLS_PRIVATE_EXTERN = YES;
				GCC_PREPROCESSOR_DEFINITIONS = "_DEBUG=1";
				GCC_WARN_ABOUT_RETURN_TYPE = YES;
				GCC_WARN_UNUSED_VARIABLE = YES;
				HEADER_SEARCH_PATHS = (
					../../,
					"${ACFDIR}/Include",
				);
				PREBINDING = NO;
				SDKROOT = "$(DEVELOPER_SDK_DIR)/MacOSX10.5.sdk";
			};
			name = Debug;
		};
		1DEB91F108733DB70010E9CD /* Release */ = {
			isa = XCBuildConfiguration;
			buildSettings = {
				ARCHS = (
					ppc,
					i386,
				);
				GCC_INLINES_ARE_PRIVATE_EXTERN = YES;
				GCC_SYMBOLS_PRIVATE_EXTERN = YES;
				GCC_WARN_ABOUT_RETURN_TYPE = YES;
				GCC_WARN_UNUSED_VARIABLE = YES;
				HEADER_SEARCH_PATHS = (
					../../,
					"${ACFDIR}/Include",
				);
				PREBINDING = NO;
				SDKROOT = "$(DEVELOPER_SDK_DIR)/MacOSX10.5.sdk";
			};
			name = Release;
		};
/* End XCBuildConfiguration section */

/* Begin XCConfigurationList section */
		1DEB91EB08733DB70010E9CD /* Build configuration list for PBXNativeTarget "icntl" */ = {
			isa = XCConfigurationList;
			buildConfigurations = (
				1DEB91EC08733DB70010E9CD /* Debug */,
				1DEB91ED08733DB70010E9CD /* Release */,
			);
			defaultConfigurationIsVisible = 0;
			defaultConfigurationName = Release;
		};
		1DEB91EF08733DB70010E9CD /* Build configuration list for PBXProject "icntl" */ = {
			isa = XCConfigurationList;
			buildConfigurations = (
				1DEB91F008733DB70010E9CD /* Debug */,
				1DEB91F108733DB70010E9CD /* Release */,
			);
			defaultConfigurationIsVisible = 0;
			defaultConfigurationName = Release;
		};
/* End XCConfigurationList section */
	};
	rootObject = 08FB7793FE84155DC02AAC07 /* Project object */;
}
