Microsoft Visual Studio Solution File, Format Version 9.00
# Visual Studio 2005
Project("{8BC9CEB8-8B4A-11D0-8D11-00A0C91BC942}") = "iavt", "..\..\Include\iavt\VC8\iavt.vcproj", "{7B98ABD9-6762-490F-B20F-B19D2D6B4FCC}"
	ProjectSection(WebsiteProperties) = preProject
		Debug.AspNetCompiler.Debug = "True"
		Release.AspNetCompiler.Debug = "False"
	EndProjectSection
EndProject
Project("{8BC9CEB8-8B4A-11D0-8D11-00A0C91BC942}") = "AvtPck", "..\AvtPck\VC8\AvtPck.vcproj", "{AE92E896-6EE3-4C39-A400-53D61D4A3B1B}"
	ProjectSection(WebsiteProperties) = preProject
		Debug.AspNetCompiler.Debug = "True"
		Release.AspNetCompiler.Debug = "False"
	EndProjectSection
	ProjectSection(ProjectDependencies) = postProject
		{7B98ABD9-6762-490F-B20F-B19D2D6B4FCC} = {7B98ABD9-6762-490F-B20F-B19D2D6B4FCC}
		{F0707445-70C5-4518-8735-43D79CF4F2B4} = {F0707445-70C5-4518-8735-43D79CF4F2B4}
	EndProjectSection
EndProject
Project("{8BC9CEB8-8B4A-11D0-8D11-00A0C91BC942}") = "imil", "..\..\Include\imil\VC8\imil.vcproj", "{56B06451-3B70-497B-80F5-4C1C92F0BF42}"
	ProjectSection(WebsiteProperties) = preProject
		Debug.AspNetCompiler.Debug = "True"
		Release.AspNetCompiler.Debug = "False"
	EndProjectSection
EndProject
Project("{8BC9CEB8-8B4A-11D0-8D11-00A0C91BC942}") = "MilPck", "..\MilPck\VC8\MilPck.vcproj", "{04319C85-9B9A-4910-B63F-24EC1FD51BF5}"
	ProjectSection(WebsiteProperties) = preProject
		Debug.AspNetCompiler.Debug = "True"
		Release.AspNetCompiler.Debug = "False"
	EndProjectSection
	ProjectSection(ProjectDependencies) = postProject
		{56B06451-3B70-497B-80F5-4C1C92F0BF42} = {56B06451-3B70-497B-80F5-4C1C92F0BF42}
		{F0707445-70C5-4518-8735-43D79CF4F2B4} = {F0707445-70C5-4518-8735-43D79CF4F2B4}
	EndProjectSection
EndProject
Project("{2150E333-8FDC-42A3-9474-1A3956D46DE8}") = "Component", "Component", "{7C6741AF-3B39-46C1-A1A8-25EF631F5579}"
	ProjectSection(WebsiteProperties) = preProject
		Debug.AspNetCompiler.Debug = "True"
		Release.AspNetCompiler.Debug = "False"
	EndProjectSection
EndProject
Project("{2150E333-8FDC-42A3-9474-1A3956D46DE8}") = "Static", "Static", "{F7FF178A-756E-4702-8948-06F48789F85E}"
	ProjectSection(WebsiteProperties) = preProject
		Debug.AspNetCompiler.Debug = "True"
		Release.AspNetCompiler.Debug = "False"
	EndProjectSection
EndProject
Project("{2150E333-8FDC-42A3-9474-1A3956D46DE8}") = "Other", "Other", "{8014939E-1493-4E0B-BD67-77E6F6B2F3F5}"
	ProjectSection(WebsiteProperties) = preProject
		Debug.AspNetCompiler.Debug = "True"
		Release.AspNetCompiler.Debug = "False"
	EndProjectSection
EndProject
Project("{8BC9CEB8-8B4A-11D0-8D11-00A0C91BC942}") = "_LibsReady", "_LibsReady.vcproj", "{F0707445-70C5-4518-8735-43D79CF4F2B4}"
	ProjectSection(WebsiteProperties) = preProject
		Debug.AspNetCompiler.Debug = "True"
		Release.AspNetCompiler.Debug = "False"
	EndProjectSection
	ProjectSection(ProjectDependencies) = postProject
		{74D96FEF-1D00-4CDF-81C7-00B9E9010789} = {74D96FEF-1D00-4CDF-81C7-00B9E9010789}
		{4896E719-0D0D-4822-AA84-8FE3DBE1D820} = {4896E719-0D0D-4822-AA84-8FE3DBE1D820}
		{FD4A04E8-65BA-4AF7-A1FE-7ADCBA37D083} = {FD4A04E8-65BA-4AF7-A1FE-7ADCBA37D083}
		{7B98ABD9-6762-490F-B20F-B19D2D6B4FCC} = {7B98ABD9-6762-490F-B20F-B19D2D6B4FCC}
		{56B06451-3B70-497B-80F5-4C1C92F0BF42} = {56B06451-3B70-497B-80F5-4C1C92F0BF42}
	EndProjectSection
EndProject
Project("{8BC9CEB8-8B4A-11D0-8D11-00A0C91BC942}") = "iocv", "..\..\Include\iocv\VC8\iocv.vcproj", "{FD4A04E8-65BA-4AF7-A1FE-7ADCBA37D083}"
	ProjectSection(WebsiteProperties) = preProject
		Debug.AspNetCompiler.Debug = "True"
		Release.AspNetCompiler.Debug = "False"
	EndProjectSection
EndProject
Project("{8BC9CEB8-8B4A-11D0-8D11-00A0C91BC942}") = "OpenCvPck", "..\OpenCvPck\VC8\OpenCvPck.vcproj", "{CA87FDEB-6094-4294-B167-42B169A97DB2}"
	ProjectSection(WebsiteProperties) = preProject
		Debug.AspNetCompiler.Debug = "True"
		Release.AspNetCompiler.Debug = "False"
	EndProjectSection
	ProjectSection(ProjectDependencies) = postProject
		{F0707445-70C5-4518-8735-43D79CF4F2B4} = {F0707445-70C5-4518-8735-43D79CF4F2B4}
		{FD4A04E8-65BA-4AF7-A1FE-7ADCBA37D083} = {FD4A04E8-65BA-4AF7-A1FE-7ADCBA37D083}
	EndProjectSection
EndProject
Project("{8BC9CEB8-8B4A-11D0-8D11-00A0C91BC942}") = "MePck", "..\MePck\VC8\MePck.vcproj", "{8990DF8C-20DF-4CF2-8825-AAFE0E39723E}"
	ProjectSection(WebsiteProperties) = preProject
		Debug.AspNetCompiler.Debug = "True"
		Release.AspNetCompiler.Debug = "False"
	EndProjectSection
	ProjectSection(ProjectDependencies) = postProject
		{F0707445-70C5-4518-8735-43D79CF4F2B4} = {F0707445-70C5-4518-8735-43D79CF4F2B4}
	EndProjectSection
EndProject
Project("{8BC9CEB8-8B4A-11D0-8D11-00A0C91BC942}") = "iorn", "..\..\Include\iorn\VC8\iorn.vcproj", "{4896E719-0D0D-4822-AA84-8FE3DBE1D820}"
	ProjectSection(WebsiteProperties) = preProject
		Debug.AspNetCompiler.Debug = "True"
		Release.AspNetCompiler.Debug = "False"
	EndProjectSection
EndProject
Project("{8BC9CEB8-8B4A-11D0-8D11-00A0C91BC942}") = "isgige", "..\..\Include\isgige\VC8\isgige.vcproj", "{74D96FEF-1D00-4CDF-81C7-00B9E9010789}"
	ProjectSection(WebsiteProperties) = preProject
		Debug.AspNetCompiler.Debug = "True"
		Release.AspNetCompiler.Debug = "False"
	EndProjectSection
EndProject
Project("{8BC9CEB8-8B4A-11D0-8D11-00A0C91BC942}") = "SmaGigEPck", "..\SmaGigEPck\VC8\SmaGigEPck.vcproj", "{6B6B91A0-805A-4BF8-82C1-3B1F096A40AF}"
	ProjectSection(WebsiteProperties) = preProject
		Debug.AspNetCompiler.Debug = "True"
		Release.AspNetCompiler.Debug = "False"
	EndProjectSection
	ProjectSection(ProjectDependencies) = postProject
		{F0707445-70C5-4518-8735-43D79CF4F2B4} = {F0707445-70C5-4518-8735-43D79CF4F2B4}
		{74D96FEF-1D00-4CDF-81C7-00B9E9010789} = {74D96FEF-1D00-4CDF-81C7-00B9E9010789}
	EndProjectSection
EndProject
Global
	GlobalSection(SolutionConfigurationPlatforms) = preSolution
		Debug|Win32 = Debug|Win32
		Release|Win32 = Release|Win32
	EndGlobalSection
	GlobalSection(ProjectConfigurationPlatforms) = postSolution
		{7B98ABD9-6762-490F-B20F-B19D2D6B4FCC}.Debug|Win32.ActiveCfg = Debug|Win32
		{7B98ABD9-6762-490F-B20F-B19D2D6B4FCC}.Debug|Win32.Build.0 = Debug|Win32
		{7B98ABD9-6762-490F-B20F-B19D2D6B4FCC}.Release|Win32.ActiveCfg = Release|Win32
		{7B98ABD9-6762-490F-B20F-B19D2D6B4FCC}.Release|Win32.Build.0 = Release|Win32
		{AE92E896-6EE3-4C39-A400-53D61D4A3B1B}.Debug|Win32.ActiveCfg = Debug|Win32
		{AE92E896-6EE3-4C39-A400-53D61D4A3B1B}.Debug|Win32.Build.0 = Debug|Win32
		{AE92E896-6EE3-4C39-A400-53D61D4A3B1B}.Release|Win32.ActiveCfg = Release|Win32
		{AE92E896-6EE3-4C39-A400-53D61D4A3B1B}.Release|Win32.Build.0 = Release|Win32
		{56B06451-3B70-497B-80F5-4C1C92F0BF42}.Debug|Win32.ActiveCfg = Debug|Win32
		{56B06451-3B70-497B-80F5-4C1C92F0BF42}.Debug|Win32.Build.0 = Debug|Win32
		{56B06451-3B70-497B-80F5-4C1C92F0BF42}.Release|Win32.ActiveCfg = Release|Win32
		{56B06451-3B70-497B-80F5-4C1C92F0BF42}.Release|Win32.Build.0 = Release|Win32
		{04319C85-9B9A-4910-B63F-24EC1FD51BF5}.Debug|Win32.ActiveCfg = Debug|Win32
		{04319C85-9B9A-4910-B63F-24EC1FD51BF5}.Debug|Win32.Build.0 = Debug|Win32
		{04319C85-9B9A-4910-B63F-24EC1FD51BF5}.Release|Win32.ActiveCfg = Release|Win32
		{04319C85-9B9A-4910-B63F-24EC1FD51BF5}.Release|Win32.Build.0 = Release|Win32
		{F0707445-70C5-4518-8735-43D79CF4F2B4}.Debug|Win32.ActiveCfg = Debug|Win32
		{F0707445-70C5-4518-8735-43D79CF4F2B4}.Debug|Win32.Build.0 = Debug|Win32
		{F0707445-70C5-4518-8735-43D79CF4F2B4}.Release|Win32.ActiveCfg = Release|Win32
		{F0707445-70C5-4518-8735-43D79CF4F2B4}.Release|Win32.Build.0 = Release|Win32
		{FD4A04E8-65BA-4AF7-A1FE-7ADCBA37D083}.Debug|Win32.ActiveCfg = Debug|Win32
		{FD4A04E8-65BA-4AF7-A1FE-7ADCBA37D083}.Debug|Win32.Build.0 = Debug|Win32
		{FD4A04E8-65BA-4AF7-A1FE-7ADCBA37D083}.Release|Win32.ActiveCfg = Release|Win32
		{FD4A04E8-65BA-4AF7-A1FE-7ADCBA37D083}.Release|Win32.Build.0 = Release|Win32
		{CA87FDEB-6094-4294-B167-42B169A97DB2}.Debug|Win32.ActiveCfg = Debug|Win32
		{CA87FDEB-6094-4294-B167-42B169A97DB2}.Debug|Win32.Build.0 = Debug|Win32
		{CA87FDEB-6094-4294-B167-42B169A97DB2}.Release|Win32.ActiveCfg = Release|Win32
		{CA87FDEB-6094-4294-B167-42B169A97DB2}.Release|Win32.Build.0 = Release|Win32
		{8990DF8C-20DF-4CF2-8825-AAFE0E39723E}.Debug|Win32.ActiveCfg = Debug|Win32
		{8990DF8C-20DF-4CF2-8825-AAFE0E39723E}.Debug|Win32.Build.0 = Debug|Win32
		{8990DF8C-20DF-4CF2-8825-AAFE0E39723E}.Release|Win32.ActiveCfg = Release|Win32
		{8990DF8C-20DF-4CF2-8825-AAFE0E39723E}.Release|Win32.Build.0 = Release|Win32
		{4896E719-0D0D-4822-AA84-8FE3DBE1D820}.Debug|Win32.ActiveCfg = Debug|Win32
		{4896E719-0D0D-4822-AA84-8FE3DBE1D820}.Debug|Win32.Build.0 = Debug|Win32
		{4896E719-0D0D-4822-AA84-8FE3DBE1D820}.Release|Win32.ActiveCfg = Release|Win32
		{4896E719-0D0D-4822-AA84-8FE3DBE1D820}.Release|Win32.Build.0 = Release|Win32
		{74D96FEF-1D00-4CDF-81C7-00B9E9010789}.Debug|Win32.ActiveCfg = Debug|Win32
		{74D96FEF-1D00-4CDF-81C7-00B9E9010789}.Debug|Win32.Build.0 = Debug|Win32
		{74D96FEF-1D00-4CDF-81C7-00B9E9010789}.Release|Win32.ActiveCfg = Release|Win32
		{74D96FEF-1D00-4CDF-81C7-00B9E9010789}.Release|Win32.Build.0 = Release|Win32
		{6B6B91A0-805A-4BF8-82C1-3B1F096A40AF}.Debug|Win32.ActiveCfg = Debug|Win32
		{6B6B91A0-805A-4BF8-82C1-3B1F096A40AF}.Debug|Win32.Build.0 = Debug|Win32
		{6B6B91A0-805A-4BF8-82C1-3B1F096A40AF}.Release|Win32.ActiveCfg = Release|Win32
		{6B6B91A0-805A-4BF8-82C1-3B1F096A40AF}.Release|Win32.Build.0 = Release|Win32
	EndGlobalSection
	GlobalSection(SolutionProperties) = preSolution
		HideSolutionNode = FALSE
	EndGlobalSection
	GlobalSection(NestedProjects) = preSolution
		{7B98ABD9-6762-490F-B20F-B19D2D6B4FCC} = {F7FF178A-756E-4702-8948-06F48789F85E}
		{56B06451-3B70-497B-80F5-4C1C92F0BF42} = {F7FF178A-756E-4702-8948-06F48789F85E}
		{FD4A04E8-65BA-4AF7-A1FE-7ADCBA37D083} = {F7FF178A-756E-4702-8948-06F48789F85E}
		{4896E719-0D0D-4822-AA84-8FE3DBE1D820} = {F7FF178A-756E-4702-8948-06F48789F85E}
		{74D96FEF-1D00-4CDF-81C7-00B9E9010789} = {F7FF178A-756E-4702-8948-06F48789F85E}
		{04319C85-9B9A-4910-B63F-24EC1FD51BF5} = {7C6741AF-3B39-46C1-A1A8-25EF631F5579}
		{AE92E896-6EE3-4C39-A400-53D61D4A3B1B} = {7C6741AF-3B39-46C1-A1A8-25EF631F5579}
		{CA87FDEB-6094-4294-B167-42B169A97DB2} = {7C6741AF-3B39-46C1-A1A8-25EF631F5579}
		{8990DF8C-20DF-4CF2-8825-AAFE0E39723E} = {7C6741AF-3B39-46C1-A1A8-25EF631F5579}
		{6B6B91A0-805A-4BF8-82C1-3B1F096A40AF} = {7C6741AF-3B39-46C1-A1A8-25EF631F5579}
		{F0707445-70C5-4518-8735-43D79CF4F2B4} = {8014939E-1493-4E0B-BD67-77E6F6B2F3F5}
	EndGlobalSection
	GlobalSection(Qt) = preSolution
		Integration = True
	EndGlobalSection
	GlobalSection(Qt) = preSolution
		Integration = True
	EndGlobalSection
	GlobalSection(Qt) = preSolution
		Integration = True
	EndGlobalSection
	GlobalSection(Qt) = preSolution
		Integration = True
	EndGlobalSection
	GlobalSection(Qt) = preSolution
		Integration = True
	EndGlobalSection
	GlobalSection(Qt) = preSolution
		Integration = True
	EndGlobalSection
	GlobalSection(Qt) = preSolution
		Integration = True
	EndGlobalSection
	GlobalSection(Qt) = preSolution
		Integration = True
	EndGlobalSection
	GlobalSection(Qt) = preSolution
		Integration = True
	EndGlobalSection
	GlobalSection(Qt) = preSolution
		Integration = True
	EndGlobalSection
	GlobalSection(Qt) = preSolution
		Integration = True
	EndGlobalSection
	GlobalSection(Qt) = preSolution
		Integration = True
	EndGlobalSection
	GlobalSection(Qt) = preSolution
		Integration = True
	EndGlobalSection
	GlobalSection(Qt) = preSolution
		Integration = True
	EndGlobalSection
	GlobalSection(Qt) = preSolution
		Integration = True
	EndGlobalSection
	GlobalSection(Qt) = preSolution
		Integration = True
	EndGlobalSection
	GlobalSection(Qt) = preSolution
		Integration = True
	EndGlobalSection
	GlobalSection(Qt) = preSolution
		Integration = True
	EndGlobalSection
	GlobalSection(Qt) = preSolution
		Integration = True
	EndGlobalSection
	GlobalSection(Qt) = preSolution
		Integration = True
	EndGlobalSection
	GlobalSection(Qt) = preSolution
		Integration = True
	EndGlobalSection
	GlobalSection(Qt) = preSolution
		Integration = True
	EndGlobalSection
	GlobalSection(Qt) = preSolution
		Integration = True
	EndGlobalSection
	GlobalSection(Qt) = preSolution
		Integration = True
	EndGlobalSection
	GlobalSection(Qt) = preSolution
		Integration = True
	EndGlobalSection
	GlobalSection(Qt) = preSolution
		Integration = True
	EndGlobalSection
	GlobalSection(Qt) = preSolution
		Integration = True
	EndGlobalSection
	GlobalSection(Qt) = preSolution
		Integration = True
	EndGlobalSection
	GlobalSection(Qt) = preSolution
		Integration = True
	EndGlobalSection
	GlobalSection(Qt) = preSolution
		Integration = True
	EndGlobalSection
	GlobalSection(Qt) = preSolution
		Integration = True
	EndGlobalSection
EndGlobal
