Microsoft Visual Studio Solution File, Format Version 9.00
# Visual Studio 2005
Project("{8BC9CEB8-8B4A-11D0-8D11-00A0C91BC942}") = "isig", "..\..\Include\isig\VC8\isig.vcproj", "{2C870C12-30D0-4E1E-9C52-4D4B14432B0A}"
EndProject
Project("{8BC9CEB8-8B4A-11D0-8D11-00A0C91BC942}") = "iqtsig", "..\..\Include\iqtsig\VC8\iqtsig.vcproj", "{5750B2F7-9B02-4EE0-8311-51D8CEAF3101}"
EndProject
Project("{8BC9CEB8-8B4A-11D0-8D11-00A0C91BC942}") = "iavt", "..\..\Include\iavt\VC8\iavt.vcproj", "{7B98ABD9-6762-490F-B20F-B19D2D6B4FCC}"
EndProject
Project("{8BC9CEB8-8B4A-11D0-8D11-00A0C91BC942}") = "AvtPck", "..\AvtPck\VC8\AvtPck.vcproj", "{AE92E896-6EE3-4C39-A400-53D61D4A3B1B}"
	ProjectSection(ProjectDependencies) = postProject
		{F0707445-70C5-4518-8735-43D79CF4F2B4} = {F0707445-70C5-4518-8735-43D79CF4F2B4}
		{8A42B3B4-88F0-4125-827D-295728DBAAAC} = {8A42B3B4-88F0-4125-827D-295728DBAAAC}
		{7B98ABD9-6762-490F-B20F-B19D2D6B4FCC} = {7B98ABD9-6762-490F-B20F-B19D2D6B4FCC}
	EndProjectSection
EndProject
Project("{8BC9CEB8-8B4A-11D0-8D11-00A0C91BC942}") = "iqtcam", "..\..\Include\iqtcam\VC8\iqtcam.vcproj", "{9F866425-169A-409F-9D11-B0B478B6C256}"
EndProject
Project("{8BC9CEB8-8B4A-11D0-8D11-00A0C91BC942}") = "iipr", "..\..\Include\iipr\VC8\iipr.vcproj", "{BA5F16D2-D1F0-45C4-B54E-7CE894550C21}"
EndProject
Project("{8BC9CEB8-8B4A-11D0-8D11-00A0C91BC942}") = "QtCamPck", "..\QtCamPck\VC8\QtCamPck.vcproj", "{1D78F055-8D4B-485F-8222-1D6D26C2A776}"
	ProjectSection(ProjectDependencies) = postProject
		{9F866425-169A-409F-9D11-B0B478B6C256} = {9F866425-169A-409F-9D11-B0B478B6C256}
		{F0707445-70C5-4518-8735-43D79CF4F2B4} = {F0707445-70C5-4518-8735-43D79CF4F2B4}
	EndProjectSection
EndProject
Project("{8BC9CEB8-8B4A-11D0-8D11-00A0C91BC942}") = "IprPck", "..\IprPck\VC8\IprPck.vcproj", "{9039A18D-8156-4005-ABBB-8FF289515468}"
	ProjectSection(ProjectDependencies) = postProject
		{BA5F16D2-D1F0-45C4-B54E-7CE894550C21} = {BA5F16D2-D1F0-45C4-B54E-7CE894550C21}
	EndProjectSection
EndProject
Project("{8BC9CEB8-8B4A-11D0-8D11-00A0C91BC942}") = "iqtipr", "..\..\Include\iqtipr\VC8\iqtipr.vcproj", "{8E07BD6B-E26D-4643-ADB5-9E16C17B8EB5}"
EndProject
Project("{8BC9CEB8-8B4A-11D0-8D11-00A0C91BC942}") = "QtIprPck", "..\QtIprPck\VC8\QtIprPck.vcproj", "{2D12ECD5-F237-4656-B0B5-51D25AB0B3B0}"
	ProjectSection(ProjectDependencies) = postProject
		{F0707445-70C5-4518-8735-43D79CF4F2B4} = {F0707445-70C5-4518-8735-43D79CF4F2B4}
		{8E07BD6B-E26D-4643-ADB5-9E16C17B8EB5} = {8E07BD6B-E26D-4643-ADB5-9E16C17B8EB5}
		{BA5F16D2-D1F0-45C4-B54E-7CE894550C21} = {BA5F16D2-D1F0-45C4-B54E-7CE894550C21}
	EndProjectSection
EndProject
Project("{8BC9CEB8-8B4A-11D0-8D11-00A0C91BC942}") = "imil", "..\..\Include\imil\VC8\imil.vcproj", "{56B06451-3B70-497B-80F5-4C1C92F0BF42}"
EndProject
Project("{8BC9CEB8-8B4A-11D0-8D11-00A0C91BC942}") = "MilPck", "..\MilPck\VC8\MilPck.vcproj", "{04319C85-9B9A-4910-B63F-24EC1FD51BF5}"
	ProjectSection(ProjectDependencies) = postProject
		{F0707445-70C5-4518-8735-43D79CF4F2B4} = {F0707445-70C5-4518-8735-43D79CF4F2B4}
		{56B06451-3B70-497B-80F5-4C1C92F0BF42} = {56B06451-3B70-497B-80F5-4C1C92F0BF42}
		{BA5F16D2-D1F0-45C4-B54E-7CE894550C21} = {BA5F16D2-D1F0-45C4-B54E-7CE894550C21}
	EndProjectSection
EndProject
Project("{8BC9CEB8-8B4A-11D0-8D11-00A0C91BC942}") = "IacfBasePck", "..\IacfBasePck\VC8\IacfBasePck.vcproj", "{002DF717-FE56-4C6E-B383-76C9FDA4F9BF}"
	ProjectSection(ProjectDependencies) = postProject
		{F0707445-70C5-4518-8735-43D79CF4F2B4} = {F0707445-70C5-4518-8735-43D79CF4F2B4}
		{8A42B3B4-88F0-4125-827D-295728DBAAAC} = {8A42B3B4-88F0-4125-827D-295728DBAAAC}
	EndProjectSection
EndProject
Project("{8BC9CEB8-8B4A-11D0-8D11-00A0C91BC942}") = "IacfQtPck", "..\IacfQtPck\VC8\IacfQtPck.vcproj", "{D192C79F-2F96-41AC-A541-548073B8AF29}"
	ProjectSection(ProjectDependencies) = postProject
		{2C870C12-30D0-4E1E-9C52-4D4B14432B0A} = {2C870C12-30D0-4E1E-9C52-4D4B14432B0A}
		{8A42B3B4-88F0-4125-827D-295728DBAAAC} = {8A42B3B4-88F0-4125-827D-295728DBAAAC}
		{5750B2F7-9B02-4EE0-8311-51D8CEAF3101} = {5750B2F7-9B02-4EE0-8311-51D8CEAF3101}
		{71BBC8AD-BA3F-48B4-883F-4924B4CC0453} = {71BBC8AD-BA3F-48B4-883F-4924B4CC0453}
		{F0707445-70C5-4518-8735-43D79CF4F2B4} = {F0707445-70C5-4518-8735-43D79CF4F2B4}
	EndProjectSection
EndProject
Project("{8BC9CEB8-8B4A-11D0-8D11-00A0C91BC942}") = "IacfStd", "..\IacfStd\VC8\IacfStd.vcproj", "{8A42B3B4-88F0-4125-827D-295728DBAAAC}"
	ProjectSection(ProjectDependencies) = postProject
		{34125E03-433E-4FFE-8D7A-9833C6B3AAA9} = {34125E03-433E-4FFE-8D7A-9833C6B3AAA9}
		{2C870C12-30D0-4E1E-9C52-4D4B14432B0A} = {2C870C12-30D0-4E1E-9C52-4D4B14432B0A}
		{C643563B-B288-4EBF-8848-AE1F61A051EC} = {C643563B-B288-4EBF-8848-AE1F61A051EC}
		{4CE30ACB-6EA3-4AB0-87BA-84D0CBB47A7B} = {4CE30ACB-6EA3-4AB0-87BA-84D0CBB47A7B}
		{BA5F16D2-D1F0-45C4-B54E-7CE894550C21} = {BA5F16D2-D1F0-45C4-B54E-7CE894550C21}
		{61073581-8B7A-45A0-BE8E-4658F989EABF} = {61073581-8B7A-45A0-BE8E-4658F989EABF}
		{A486CD55-2AA0-41FA-AAC9-34A8E112EE71} = {A486CD55-2AA0-41FA-AAC9-34A8E112EE71}
	EndProjectSection
EndProject
Project("{2150E333-8FDC-42A3-9474-1A3956D46DE8}") = "Component", "Component", "{7C6741AF-3B39-46C1-A1A8-25EF631F5579}"
EndProject
Project("{2150E333-8FDC-42A3-9474-1A3956D46DE8}") = "Static", "Static", "{F7FF178A-756E-4702-8948-06F48789F85E}"
EndProject
Project("{2150E333-8FDC-42A3-9474-1A3956D46DE8}") = "Library", "Library", "{147BA495-90F2-43A2-91CD-D2891F08FB2E}"
EndProject
Project("{8BC9CEB8-8B4A-11D0-8D11-00A0C91BC942}") = "ilolv", "..\..\Include\ilolv\VC8\ilolv.vcproj", "{A486CD55-2AA0-41FA-AAC9-34A8E112EE71}"
EndProject
Project("{8BC9CEB8-8B4A-11D0-8D11-00A0C91BC942}") = "icntl", "..\..\Include\icntl\VC8\icntl.vcproj", "{61073581-8B7A-45A0-BE8E-4658F989EABF}"
EndProject
Project("{8BC9CEB8-8B4A-11D0-8D11-00A0C91BC942}") = "ProdPck", "..\ProdPck\VC8\ProdPck.vcproj", "{7F95236C-43B7-4FEC-9D72-2CDB32E045C9}"
	ProjectSection(ProjectDependencies) = postProject
		{F0707445-70C5-4518-8735-43D79CF4F2B4} = {F0707445-70C5-4518-8735-43D79CF4F2B4}
		{A486CD55-2AA0-41FA-AAC9-34A8E112EE71} = {A486CD55-2AA0-41FA-AAC9-34A8E112EE71}
		{61073581-8B7A-45A0-BE8E-4658F989EABF} = {61073581-8B7A-45A0-BE8E-4658F989EABF}
	EndProjectSection
EndProject
Project("{8BC9CEB8-8B4A-11D0-8D11-00A0C91BC942}") = "iqtcntl", "..\..\Include\iqtcntl\VC8\iqtcntl.vcproj", "{95E7A686-5E42-441C-8F42-337ABF58957B}"
EndProject
Project("{8BC9CEB8-8B4A-11D0-8D11-00A0C91BC942}") = "QtProdPck", "..\QtProdPck\VC8\QtProdPck.vcproj", "{3F1140FB-8264-4EA1-A66F-20C0BCD3B2DB}"
	ProjectSection(ProjectDependencies) = postProject
		{F0707445-70C5-4518-8735-43D79CF4F2B4} = {F0707445-70C5-4518-8735-43D79CF4F2B4}
		{A486CD55-2AA0-41FA-AAC9-34A8E112EE71} = {A486CD55-2AA0-41FA-AAC9-34A8E112EE71}
		{95E7A686-5E42-441C-8F42-337ABF58957B} = {95E7A686-5E42-441C-8F42-337ABF58957B}
	EndProjectSection
EndProject
Project("{2150E333-8FDC-42A3-9474-1A3956D46DE8}") = "Other", "Other", "{8014939E-1493-4E0B-BD67-77E6F6B2F3F5}"
EndProject
Project("{8BC9CEB8-8B4A-11D0-8D11-00A0C91BC942}") = "iswr", "..\..\Include\iswr\VC8\iswr.vcproj", "{AC283B66-D80A-4C9E-B882-22AE9A1FE818}"
EndProject
Project("{8BC9CEB8-8B4A-11D0-8D11-00A0C91BC942}") = "SwrPck", "..\SwrPck\VC8\SwrPck.vcproj", "{4A916A6C-13D1-4310-AB6A-C0F1768263AE}"
	ProjectSection(ProjectDependencies) = postProject
		{C643563B-B288-4EBF-8848-AE1F61A051EC} = {C643563B-B288-4EBF-8848-AE1F61A051EC}
		{F0707445-70C5-4518-8735-43D79CF4F2B4} = {F0707445-70C5-4518-8735-43D79CF4F2B4}
		{AC283B66-D80A-4C9E-B882-22AE9A1FE818} = {AC283B66-D80A-4C9E-B882-22AE9A1FE818}
	EndProjectSection
EndProject
Project("{8BC9CEB8-8B4A-11D0-8D11-00A0C91BC942}") = "QtSwrPck", "..\QtSwrPck\VC8\QtSwrPck.vcproj", "{F4FCD8FB-1FF1-42C6-A359-1556D7030F63}"
	ProjectSection(ProjectDependencies) = postProject
		{F0707445-70C5-4518-8735-43D79CF4F2B4} = {F0707445-70C5-4518-8735-43D79CF4F2B4}
		{7F1A163F-FF27-42D0-A4D0-F117B51A8F65} = {7F1A163F-FF27-42D0-A4D0-F117B51A8F65}
		{AC283B66-D80A-4C9E-B882-22AE9A1FE818} = {AC283B66-D80A-4C9E-B882-22AE9A1FE818}
	EndProjectSection
EndProject
Project("{8BC9CEB8-8B4A-11D0-8D11-00A0C91BC942}") = "iqtswr", "..\..\Include\iqtswr\VC8\iqtswr.vcproj", "{7F1A163F-FF27-42D0-A4D0-F117B51A8F65}"
EndProject
Project("{8BC9CEB8-8B4A-11D0-8D11-00A0C91BC942}") = "idev", "..\..\Include\idev\VC8\idev.vcproj", "{C643563B-B288-4EBF-8848-AE1F61A051EC}"
EndProject
Project("{8BC9CEB8-8B4A-11D0-8D11-00A0C91BC942}") = "_LibsReady", "_LibsReady.vcproj", "{F0707445-70C5-4518-8735-43D79CF4F2B4}"
	ProjectSection(ProjectDependencies) = postProject
		{34125E03-433E-4FFE-8D7A-9833C6B3AAA9} = {34125E03-433E-4FFE-8D7A-9833C6B3AAA9}
		{2C870C12-30D0-4E1E-9C52-4D4B14432B0A} = {2C870C12-30D0-4E1E-9C52-4D4B14432B0A}
		{9F866425-169A-409F-9D11-B0B478B6C256} = {9F866425-169A-409F-9D11-B0B478B6C256}
		{C643563B-B288-4EBF-8848-AE1F61A051EC} = {C643563B-B288-4EBF-8848-AE1F61A051EC}
		{7F1A163F-FF27-42D0-A4D0-F117B51A8F65} = {7F1A163F-FF27-42D0-A4D0-F117B51A8F65}
		{56B06451-3B70-497B-80F5-4C1C92F0BF42} = {56B06451-3B70-497B-80F5-4C1C92F0BF42}
		{A486CD55-2AA0-41FA-AAC9-34A8E112EE71} = {A486CD55-2AA0-41FA-AAC9-34A8E112EE71}
		{AC283B66-D80A-4C9E-B882-22AE9A1FE818} = {AC283B66-D80A-4C9E-B882-22AE9A1FE818}
		{8E07BD6B-E26D-4643-ADB5-9E16C17B8EB5} = {8E07BD6B-E26D-4643-ADB5-9E16C17B8EB5}
		{61073581-8B7A-45A0-BE8E-4658F989EABF} = {61073581-8B7A-45A0-BE8E-4658F989EABF}
		{95E7A686-5E42-441C-8F42-337ABF58957B} = {95E7A686-5E42-441C-8F42-337ABF58957B}
		{9039A18D-8156-4005-ABBB-8FF289515468} = {9039A18D-8156-4005-ABBB-8FF289515468}
		{BA5F16D2-D1F0-45C4-B54E-7CE894550C21} = {BA5F16D2-D1F0-45C4-B54E-7CE894550C21}
		{7B98ABD9-6762-490F-B20F-B19D2D6B4FCC} = {7B98ABD9-6762-490F-B20F-B19D2D6B4FCC}
		{5750B2F7-9B02-4EE0-8311-51D8CEAF3101} = {5750B2F7-9B02-4EE0-8311-51D8CEAF3101}
		{8A42B3B4-88F0-4125-827D-295728DBAAAC} = {8A42B3B4-88F0-4125-827D-295728DBAAAC}
	EndProjectSection
EndProject
Project("{8BC9CEB8-8B4A-11D0-8D11-00A0C91BC942}") = "iocv", "..\..\Include\iocv\VC8\iocv.vcproj", "{FD4A04E8-65BA-4AF7-A1FE-7ADCBA37D083}"
EndProject
Project("{8BC9CEB8-8B4A-11D0-8D11-00A0C91BC942}") = "OpenCvPck", "..\OpenCvPck\VC8\OpenCvPck.vcproj", "{CA87FDEB-6094-4294-B167-42B169A97DB2}"
	ProjectSection(ProjectDependencies) = postProject
		{FD4A04E8-65BA-4AF7-A1FE-7ADCBA37D083} = {FD4A04E8-65BA-4AF7-A1FE-7ADCBA37D083}
	EndProjectSection
EndProject
Project("{8BC9CEB8-8B4A-11D0-8D11-00A0C91BC942}") = "icam", "..\..\Include\icam\VC8\icam.vcproj", "{4CE30ACB-6EA3-4AB0-87BA-84D0CBB47A7B}"
EndProject
Project("{8BC9CEB8-8B4A-11D0-8D11-00A0C91BC942}") = "MePck", "..\MePck\VC8\MePck.vcproj", "{8990DF8C-20DF-4CF2-8825-AAFE0E39723E}"
EndProject
Project("{8BC9CEB8-8B4A-11D0-8D11-00A0C91BC942}") = "iorn", "..\..\Include\iorn\VC8\iorn.vcproj", "{4896E719-0D0D-4822-AA84-8FE3DBE1D820}"
EndProject
Project("{8BC9CEB8-8B4A-11D0-8D11-00A0C91BC942}") = "isgige", "..\..\Include\isgige\VC8\isgige.vcproj", "{74D96FEF-1D00-4CDF-81C7-00B9E9010789}"
EndProject
Project("{8BC9CEB8-8B4A-11D0-8D11-00A0C91BC942}") = "SmaGigEPck", "..\SmaGigEPck\VC8\SmaGigEPck.vcproj", "{6B6B91A0-805A-4BF8-82C1-3B1F096A40AF}"
	ProjectSection(ProjectDependencies) = postProject
		{74D96FEF-1D00-4CDF-81C7-00B9E9010789} = {74D96FEF-1D00-4CDF-81C7-00B9E9010789}
		{F0707445-70C5-4518-8735-43D79CF4F2B4} = {F0707445-70C5-4518-8735-43D79CF4F2B4}
		{002DF717-FE56-4C6E-B383-76C9FDA4F9BF} = {002DF717-FE56-4C6E-B383-76C9FDA4F9BF}
	EndProjectSection
EndProject
Project("{8BC9CEB8-8B4A-11D0-8D11-00A0C91BC942}") = "iinsp", "..\..\Include\iinsp\VC8\iinsp.vcproj", "{34125E03-433E-4FFE-8D7A-9833C6B3AAA9}"
EndProject
Project("{8BC9CEB8-8B4A-11D0-8D11-00A0C91BC942}") = "iqtinsp", "..\..\Include\iqtinsp\VC8\iqtinsp.vcproj", "{71BBC8AD-BA3F-48B4-883F-4924B4CC0453}"
EndProject
Global
	GlobalSection(SolutionConfigurationPlatforms) = preSolution
		Debug|Win32 = Debug|Win32
		Release|Win32 = Release|Win32
	EndGlobalSection
	GlobalSection(ProjectConfigurationPlatforms) = postSolution
		{2C870C12-30D0-4E1E-9C52-4D4B14432B0A}.Debug|Win32.ActiveCfg = Debug|Win32
		{2C870C12-30D0-4E1E-9C52-4D4B14432B0A}.Debug|Win32.Build.0 = Debug|Win32
		{2C870C12-30D0-4E1E-9C52-4D4B14432B0A}.Release|Win32.ActiveCfg = Release|Win32
		{2C870C12-30D0-4E1E-9C52-4D4B14432B0A}.Release|Win32.Build.0 = Release|Win32
		{5750B2F7-9B02-4EE0-8311-51D8CEAF3101}.Debug|Win32.ActiveCfg = Debug|Win32
		{5750B2F7-9B02-4EE0-8311-51D8CEAF3101}.Debug|Win32.Build.0 = Debug|Win32
		{5750B2F7-9B02-4EE0-8311-51D8CEAF3101}.Release|Win32.ActiveCfg = Release|Win32
		{5750B2F7-9B02-4EE0-8311-51D8CEAF3101}.Release|Win32.Build.0 = Release|Win32
		{7B98ABD9-6762-490F-B20F-B19D2D6B4FCC}.Debug|Win32.ActiveCfg = Debug|Win32
		{7B98ABD9-6762-490F-B20F-B19D2D6B4FCC}.Debug|Win32.Build.0 = Debug|Win32
		{7B98ABD9-6762-490F-B20F-B19D2D6B4FCC}.Release|Win32.ActiveCfg = Release|Win32
		{7B98ABD9-6762-490F-B20F-B19D2D6B4FCC}.Release|Win32.Build.0 = Release|Win32
		{AE92E896-6EE3-4C39-A400-53D61D4A3B1B}.Debug|Win32.ActiveCfg = Debug|Win32
		{AE92E896-6EE3-4C39-A400-53D61D4A3B1B}.Debug|Win32.Build.0 = Debug|Win32
		{AE92E896-6EE3-4C39-A400-53D61D4A3B1B}.Release|Win32.ActiveCfg = Release|Win32
		{AE92E896-6EE3-4C39-A400-53D61D4A3B1B}.Release|Win32.Build.0 = Release|Win32
		{9F866425-169A-409F-9D11-B0B478B6C256}.Debug|Win32.ActiveCfg = Debug|Win32
		{9F866425-169A-409F-9D11-B0B478B6C256}.Debug|Win32.Build.0 = Debug|Win32
		{9F866425-169A-409F-9D11-B0B478B6C256}.Release|Win32.ActiveCfg = Release|Win32
		{9F866425-169A-409F-9D11-B0B478B6C256}.Release|Win32.Build.0 = Release|Win32
		{BA5F16D2-D1F0-45C4-B54E-7CE894550C21}.Debug|Win32.ActiveCfg = Debug|Win32
		{BA5F16D2-D1F0-45C4-B54E-7CE894550C21}.Debug|Win32.Build.0 = Debug|Win32
		{BA5F16D2-D1F0-45C4-B54E-7CE894550C21}.Release|Win32.ActiveCfg = Release|Win32
		{BA5F16D2-D1F0-45C4-B54E-7CE894550C21}.Release|Win32.Build.0 = Release|Win32
		{1D78F055-8D4B-485F-8222-1D6D26C2A776}.Debug|Win32.ActiveCfg = Debug|Win32
		{1D78F055-8D4B-485F-8222-1D6D26C2A776}.Debug|Win32.Build.0 = Debug|Win32
		{1D78F055-8D4B-485F-8222-1D6D26C2A776}.Release|Win32.ActiveCfg = Release|Win32
		{1D78F055-8D4B-485F-8222-1D6D26C2A776}.Release|Win32.Build.0 = Release|Win32
		{9039A18D-8156-4005-ABBB-8FF289515468}.Debug|Win32.ActiveCfg = Debug|Win32
		{9039A18D-8156-4005-ABBB-8FF289515468}.Debug|Win32.Build.0 = Debug|Win32
		{9039A18D-8156-4005-ABBB-8FF289515468}.Release|Win32.ActiveCfg = Release|Win32
		{9039A18D-8156-4005-ABBB-8FF289515468}.Release|Win32.Build.0 = Release|Win32
		{8E07BD6B-E26D-4643-ADB5-9E16C17B8EB5}.Debug|Win32.ActiveCfg = Debug|Win32
		{8E07BD6B-E26D-4643-ADB5-9E16C17B8EB5}.Debug|Win32.Build.0 = Debug|Win32
		{8E07BD6B-E26D-4643-ADB5-9E16C17B8EB5}.Release|Win32.ActiveCfg = Release|Win32
		{8E07BD6B-E26D-4643-ADB5-9E16C17B8EB5}.Release|Win32.Build.0 = Release|Win32
		{2D12ECD5-F237-4656-B0B5-51D25AB0B3B0}.Debug|Win32.ActiveCfg = Debug|Win32
		{2D12ECD5-F237-4656-B0B5-51D25AB0B3B0}.Debug|Win32.Build.0 = Debug|Win32
		{2D12ECD5-F237-4656-B0B5-51D25AB0B3B0}.Release|Win32.ActiveCfg = Release|Win32
		{2D12ECD5-F237-4656-B0B5-51D25AB0B3B0}.Release|Win32.Build.0 = Release|Win32
		{56B06451-3B70-497B-80F5-4C1C92F0BF42}.Debug|Win32.ActiveCfg = Debug|Win32
		{56B06451-3B70-497B-80F5-4C1C92F0BF42}.Debug|Win32.Build.0 = Debug|Win32
		{56B06451-3B70-497B-80F5-4C1C92F0BF42}.Release|Win32.ActiveCfg = Release|Win32
		{56B06451-3B70-497B-80F5-4C1C92F0BF42}.Release|Win32.Build.0 = Release|Win32
		{04319C85-9B9A-4910-B63F-24EC1FD51BF5}.Debug|Win32.ActiveCfg = Debug|Win32
		{04319C85-9B9A-4910-B63F-24EC1FD51BF5}.Debug|Win32.Build.0 = Debug|Win32
		{04319C85-9B9A-4910-B63F-24EC1FD51BF5}.Release|Win32.ActiveCfg = Release|Win32
		{04319C85-9B9A-4910-B63F-24EC1FD51BF5}.Release|Win32.Build.0 = Release|Win32
		{002DF717-FE56-4C6E-B383-76C9FDA4F9BF}.Debug|Win32.ActiveCfg = Debug|Win32
		{002DF717-FE56-4C6E-B383-76C9FDA4F9BF}.Debug|Win32.Build.0 = Debug|Win32
		{002DF717-FE56-4C6E-B383-76C9FDA4F9BF}.Release|Win32.ActiveCfg = Release|Win32
		{002DF717-FE56-4C6E-B383-76C9FDA4F9BF}.Release|Win32.Build.0 = Release|Win32
		{D192C79F-2F96-41AC-A541-548073B8AF29}.Debug|Win32.ActiveCfg = Debug|Win32
		{D192C79F-2F96-41AC-A541-548073B8AF29}.Debug|Win32.Build.0 = Debug|Win32
		{D192C79F-2F96-41AC-A541-548073B8AF29}.Release|Win32.ActiveCfg = Release|Win32
		{D192C79F-2F96-41AC-A541-548073B8AF29}.Release|Win32.Build.0 = Release|Win32
		{8A42B3B4-88F0-4125-827D-295728DBAAAC}.Debug|Win32.ActiveCfg = Debug|Win32
		{8A42B3B4-88F0-4125-827D-295728DBAAAC}.Debug|Win32.Build.0 = Debug|Win32
		{8A42B3B4-88F0-4125-827D-295728DBAAAC}.Release|Win32.ActiveCfg = Release|Win32
		{8A42B3B4-88F0-4125-827D-295728DBAAAC}.Release|Win32.Build.0 = Release|Win32
		{A486CD55-2AA0-41FA-AAC9-34A8E112EE71}.Debug|Win32.ActiveCfg = Debug|Win32
		{A486CD55-2AA0-41FA-AAC9-34A8E112EE71}.Debug|Win32.Build.0 = Debug|Win32
		{A486CD55-2AA0-41FA-AAC9-34A8E112EE71}.Release|Win32.ActiveCfg = Release|Win32
		{A486CD55-2AA0-41FA-AAC9-34A8E112EE71}.Release|Win32.Build.0 = Release|Win32
		{61073581-8B7A-45A0-BE8E-4658F989EABF}.Debug|Win32.ActiveCfg = Debug|Win32
		{61073581-8B7A-45A0-BE8E-4658F989EABF}.Debug|Win32.Build.0 = Debug|Win32
		{61073581-8B7A-45A0-BE8E-4658F989EABF}.Release|Win32.ActiveCfg = Release|Win32
		{61073581-8B7A-45A0-BE8E-4658F989EABF}.Release|Win32.Build.0 = Release|Win32
		{7F95236C-43B7-4FEC-9D72-2CDB32E045C9}.Debug|Win32.ActiveCfg = Debug|Win32
		{7F95236C-43B7-4FEC-9D72-2CDB32E045C9}.Debug|Win32.Build.0 = Debug|Win32
		{7F95236C-43B7-4FEC-9D72-2CDB32E045C9}.Release|Win32.ActiveCfg = Release|Win32
		{7F95236C-43B7-4FEC-9D72-2CDB32E045C9}.Release|Win32.Build.0 = Release|Win32
		{95E7A686-5E42-441C-8F42-337ABF58957B}.Debug|Win32.ActiveCfg = Debug|Win32
		{95E7A686-5E42-441C-8F42-337ABF58957B}.Debug|Win32.Build.0 = Debug|Win32
		{95E7A686-5E42-441C-8F42-337ABF58957B}.Release|Win32.ActiveCfg = Release|Win32
		{95E7A686-5E42-441C-8F42-337ABF58957B}.Release|Win32.Build.0 = Release|Win32
		{3F1140FB-8264-4EA1-A66F-20C0BCD3B2DB}.Debug|Win32.ActiveCfg = Debug|Win32
		{3F1140FB-8264-4EA1-A66F-20C0BCD3B2DB}.Debug|Win32.Build.0 = Debug|Win32
		{3F1140FB-8264-4EA1-A66F-20C0BCD3B2DB}.Release|Win32.ActiveCfg = Release|Win32
		{3F1140FB-8264-4EA1-A66F-20C0BCD3B2DB}.Release|Win32.Build.0 = Release|Win32
		{AC283B66-D80A-4C9E-B882-22AE9A1FE818}.Debug|Win32.ActiveCfg = Debug|Win32
		{AC283B66-D80A-4C9E-B882-22AE9A1FE818}.Debug|Win32.Build.0 = Debug|Win32
		{AC283B66-D80A-4C9E-B882-22AE9A1FE818}.Release|Win32.ActiveCfg = Release|Win32
		{AC283B66-D80A-4C9E-B882-22AE9A1FE818}.Release|Win32.Build.0 = Release|Win32
		{4A916A6C-13D1-4310-AB6A-C0F1768263AE}.Debug|Win32.ActiveCfg = Debug|Win32
		{4A916A6C-13D1-4310-AB6A-C0F1768263AE}.Debug|Win32.Build.0 = Debug|Win32
		{4A916A6C-13D1-4310-AB6A-C0F1768263AE}.Release|Win32.ActiveCfg = Release|Win32
		{4A916A6C-13D1-4310-AB6A-C0F1768263AE}.Release|Win32.Build.0 = Release|Win32
		{F4FCD8FB-1FF1-42C6-A359-1556D7030F63}.Debug|Win32.ActiveCfg = Debug|Win32
		{F4FCD8FB-1FF1-42C6-A359-1556D7030F63}.Debug|Win32.Build.0 = Debug|Win32
		{F4FCD8FB-1FF1-42C6-A359-1556D7030F63}.Release|Win32.ActiveCfg = Release|Win32
		{F4FCD8FB-1FF1-42C6-A359-1556D7030F63}.Release|Win32.Build.0 = Release|Win32
		{7F1A163F-FF27-42D0-A4D0-F117B51A8F65}.Debug|Win32.ActiveCfg = Debug|Win32
		{7F1A163F-FF27-42D0-A4D0-F117B51A8F65}.Debug|Win32.Build.0 = Debug|Win32
		{7F1A163F-FF27-42D0-A4D0-F117B51A8F65}.Release|Win32.ActiveCfg = Release|Win32
		{7F1A163F-FF27-42D0-A4D0-F117B51A8F65}.Release|Win32.Build.0 = Release|Win32
		{C643563B-B288-4EBF-8848-AE1F61A051EC}.Debug|Win32.ActiveCfg = Debug|Win32
		{C643563B-B288-4EBF-8848-AE1F61A051EC}.Debug|Win32.Build.0 = Debug|Win32
		{C643563B-B288-4EBF-8848-AE1F61A051EC}.Release|Win32.ActiveCfg = Release|Win32
		{C643563B-B288-4EBF-8848-AE1F61A051EC}.Release|Win32.Build.0 = Release|Win32
		{F0707445-70C5-4518-8735-43D79CF4F2B4}.Debug|Win32.ActiveCfg = Debug|Win32
		{F0707445-70C5-4518-8735-43D79CF4F2B4}.Debug|Win32.Build.0 = Debug|Win32
		{F0707445-70C5-4518-8735-43D79CF4F2B4}.Release|Win32.ActiveCfg = Release|Win32
		{F0707445-70C5-4518-8735-43D79CF4F2B4}.Release|Win32.Build.0 = Release|Win32
		{FD4A04E8-65BA-4AF7-A1FE-7ADCBA37D083}.Debug|Win32.ActiveCfg = Debug|Win32
		{FD4A04E8-65BA-4AF7-A1FE-7ADCBA37D083}.Debug|Win32.Build.0 = Debug|Win32
		{FD4A04E8-65BA-4AF7-A1FE-7ADCBA37D083}.Release|Win32.ActiveCfg = Release|Win32
		{FD4A04E8-65BA-4AF7-A1FE-7ADCBA37D083}.Release|Win32.Build.0 = Release|Win32
		{CA87FDEB-6094-4294-B167-42B169A97DB2}.Debug|Win32.ActiveCfg = Debug|Win32
		{CA87FDEB-6094-4294-B167-42B169A97DB2}.Debug|Win32.Build.0 = Debug|Win32
		{CA87FDEB-6094-4294-B167-42B169A97DB2}.Release|Win32.ActiveCfg = Release|Win32
		{CA87FDEB-6094-4294-B167-42B169A97DB2}.Release|Win32.Build.0 = Release|Win32
		{4CE30ACB-6EA3-4AB0-87BA-84D0CBB47A7B}.Debug|Win32.ActiveCfg = Debug|Win32
		{4CE30ACB-6EA3-4AB0-87BA-84D0CBB47A7B}.Debug|Win32.Build.0 = Debug|Win32
		{4CE30ACB-6EA3-4AB0-87BA-84D0CBB47A7B}.Release|Win32.ActiveCfg = Release|Win32
		{4CE30ACB-6EA3-4AB0-87BA-84D0CBB47A7B}.Release|Win32.Build.0 = Release|Win32
		{8990DF8C-20DF-4CF2-8825-AAFE0E39723E}.Debug|Win32.ActiveCfg = Debug|Win32
		{8990DF8C-20DF-4CF2-8825-AAFE0E39723E}.Debug|Win32.Build.0 = Debug|Win32
		{8990DF8C-20DF-4CF2-8825-AAFE0E39723E}.Release|Win32.ActiveCfg = Release|Win32
		{8990DF8C-20DF-4CF2-8825-AAFE0E39723E}.Release|Win32.Build.0 = Release|Win32
		{4896E719-0D0D-4822-AA84-8FE3DBE1D820}.Debug|Win32.ActiveCfg = Debug|Win32
		{4896E719-0D0D-4822-AA84-8FE3DBE1D820}.Debug|Win32.Build.0 = Debug|Win32
		{4896E719-0D0D-4822-AA84-8FE3DBE1D820}.Release|Win32.ActiveCfg = Release|Win32
		{4896E719-0D0D-4822-AA84-8FE3DBE1D820}.Release|Win32.Build.0 = Release|Win32
		{74D96FEF-1D00-4CDF-81C7-00B9E9010789}.Debug|Win32.ActiveCfg = Debug|Win32
		{74D96FEF-1D00-4CDF-81C7-00B9E9010789}.Debug|Win32.Build.0 = Debug|Win32
		{74D96FEF-1D00-4CDF-81C7-00B9E9010789}.Release|Win32.ActiveCfg = Release|Win32
		{74D96FEF-1D00-4CDF-81C7-00B9E9010789}.Release|Win32.Build.0 = Release|Win32
		{6B6B91A0-805A-4BF8-82C1-3B1F096A40AF}.Debug|Win32.ActiveCfg = Debug|Win32
		{6B6B91A0-805A-4BF8-82C1-3B1F096A40AF}.Debug|Win32.Build.0 = Debug|Win32
		{6B6B91A0-805A-4BF8-82C1-3B1F096A40AF}.Release|Win32.ActiveCfg = Release|Win32
		{6B6B91A0-805A-4BF8-82C1-3B1F096A40AF}.Release|Win32.Build.0 = Release|Win32
		{34125E03-433E-4FFE-8D7A-9833C6B3AAA9}.Debug|Win32.ActiveCfg = Debug|Win32
		{34125E03-433E-4FFE-8D7A-9833C6B3AAA9}.Debug|Win32.Build.0 = Debug|Win32
		{34125E03-433E-4FFE-8D7A-9833C6B3AAA9}.Release|Win32.ActiveCfg = Release|Win32
		{34125E03-433E-4FFE-8D7A-9833C6B3AAA9}.Release|Win32.Build.0 = Release|Win32
		{71BBC8AD-BA3F-48B4-883F-4924B4CC0453}.Debug|Win32.ActiveCfg = Debug|Win32
		{71BBC8AD-BA3F-48B4-883F-4924B4CC0453}.Debug|Win32.Build.0 = Debug|Win32
		{71BBC8AD-BA3F-48B4-883F-4924B4CC0453}.Release|Win32.ActiveCfg = Release|Win32
		{71BBC8AD-BA3F-48B4-883F-4924B4CC0453}.Release|Win32.Build.0 = Release|Win32
	EndGlobalSection
	GlobalSection(SolutionProperties) = preSolution
		HideSolutionNode = FALSE
	EndGlobalSection
	GlobalSection(NestedProjects) = preSolution
		{5750B2F7-9B02-4EE0-8311-51D8CEAF3101} = {F7FF178A-756E-4702-8948-06F48789F85E}
		{7B98ABD9-6762-490F-B20F-B19D2D6B4FCC} = {F7FF178A-756E-4702-8948-06F48789F85E}
		{9F866425-169A-409F-9D11-B0B478B6C256} = {F7FF178A-756E-4702-8948-06F48789F85E}
		{BA5F16D2-D1F0-45C4-B54E-7CE894550C21} = {F7FF178A-756E-4702-8948-06F48789F85E}
		{8E07BD6B-E26D-4643-ADB5-9E16C17B8EB5} = {F7FF178A-756E-4702-8948-06F48789F85E}
		{56B06451-3B70-497B-80F5-4C1C92F0BF42} = {F7FF178A-756E-4702-8948-06F48789F85E}
		{2C870C12-30D0-4E1E-9C52-4D4B14432B0A} = {F7FF178A-756E-4702-8948-06F48789F85E}
		{A486CD55-2AA0-41FA-AAC9-34A8E112EE71} = {F7FF178A-756E-4702-8948-06F48789F85E}
		{61073581-8B7A-45A0-BE8E-4658F989EABF} = {F7FF178A-756E-4702-8948-06F48789F85E}
		{95E7A686-5E42-441C-8F42-337ABF58957B} = {F7FF178A-756E-4702-8948-06F48789F85E}
		{AC283B66-D80A-4C9E-B882-22AE9A1FE818} = {F7FF178A-756E-4702-8948-06F48789F85E}
		{7F1A163F-FF27-42D0-A4D0-F117B51A8F65} = {F7FF178A-756E-4702-8948-06F48789F85E}
		{C643563B-B288-4EBF-8848-AE1F61A051EC} = {F7FF178A-756E-4702-8948-06F48789F85E}
		{FD4A04E8-65BA-4AF7-A1FE-7ADCBA37D083} = {F7FF178A-756E-4702-8948-06F48789F85E}
		{4CE30ACB-6EA3-4AB0-87BA-84D0CBB47A7B} = {F7FF178A-756E-4702-8948-06F48789F85E}
		{4896E719-0D0D-4822-AA84-8FE3DBE1D820} = {F7FF178A-756E-4702-8948-06F48789F85E}
		{74D96FEF-1D00-4CDF-81C7-00B9E9010789} = {F7FF178A-756E-4702-8948-06F48789F85E}
		{34125E03-433E-4FFE-8D7A-9833C6B3AAA9} = {F7FF178A-756E-4702-8948-06F48789F85E}
		{71BBC8AD-BA3F-48B4-883F-4924B4CC0453} = {F7FF178A-756E-4702-8948-06F48789F85E}
		{1D78F055-8D4B-485F-8222-1D6D26C2A776} = {7C6741AF-3B39-46C1-A1A8-25EF631F5579}
		{9039A18D-8156-4005-ABBB-8FF289515468} = {7C6741AF-3B39-46C1-A1A8-25EF631F5579}
		{2D12ECD5-F237-4656-B0B5-51D25AB0B3B0} = {7C6741AF-3B39-46C1-A1A8-25EF631F5579}
		{04319C85-9B9A-4910-B63F-24EC1FD51BF5} = {7C6741AF-3B39-46C1-A1A8-25EF631F5579}
		{002DF717-FE56-4C6E-B383-76C9FDA4F9BF} = {7C6741AF-3B39-46C1-A1A8-25EF631F5579}
		{D192C79F-2F96-41AC-A541-548073B8AF29} = {7C6741AF-3B39-46C1-A1A8-25EF631F5579}
		{AE92E896-6EE3-4C39-A400-53D61D4A3B1B} = {7C6741AF-3B39-46C1-A1A8-25EF631F5579}
		{7F95236C-43B7-4FEC-9D72-2CDB32E045C9} = {7C6741AF-3B39-46C1-A1A8-25EF631F5579}
		{3F1140FB-8264-4EA1-A66F-20C0BCD3B2DB} = {7C6741AF-3B39-46C1-A1A8-25EF631F5579}
		{4A916A6C-13D1-4310-AB6A-C0F1768263AE} = {7C6741AF-3B39-46C1-A1A8-25EF631F5579}
		{F4FCD8FB-1FF1-42C6-A359-1556D7030F63} = {7C6741AF-3B39-46C1-A1A8-25EF631F5579}
		{CA87FDEB-6094-4294-B167-42B169A97DB2} = {7C6741AF-3B39-46C1-A1A8-25EF631F5579}
		{8990DF8C-20DF-4CF2-8825-AAFE0E39723E} = {7C6741AF-3B39-46C1-A1A8-25EF631F5579}
		{6B6B91A0-805A-4BF8-82C1-3B1F096A40AF} = {7C6741AF-3B39-46C1-A1A8-25EF631F5579}
		{8A42B3B4-88F0-4125-827D-295728DBAAAC} = {147BA495-90F2-43A2-91CD-D2891F08FB2E}
		{F0707445-70C5-4518-8735-43D79CF4F2B4} = {8014939E-1493-4E0B-BD67-77E6F6B2F3F5}
	EndGlobalSection
	GlobalSection(Qt) = preSolution
		Integration = True
	EndGlobalSection
	GlobalSection(Qt) = preSolution
		Integration = True
	EndGlobalSection
	GlobalSection(Qt) = preSolution
		Integration = True
	EndGlobalSection
	GlobalSection(Qt) = preSolution
		Integration = True
	EndGlobalSection
	GlobalSection(Qt) = preSolution
		Integration = True
	EndGlobalSection
	GlobalSection(Qt) = preSolution
		Integration = True
	EndGlobalSection
	GlobalSection(Qt) = preSolution
		Integration = True
	EndGlobalSection
	GlobalSection(Qt) = preSolution
		Integration = True
	EndGlobalSection
	GlobalSection(Qt) = preSolution
		Integration = True
	EndGlobalSection
	GlobalSection(Qt) = preSolution
		Integration = True
	EndGlobalSection
	GlobalSection(Qt) = preSolution
		Integration = True
	EndGlobalSection
	GlobalSection(Qt) = preSolution
		Integration = True
	EndGlobalSection
	GlobalSection(Qt) = preSolution
		Integration = True
	EndGlobalSection
	GlobalSection(Qt) = preSolution
		Integration = True
	EndGlobalSection
	GlobalSection(Qt) = preSolution
		Integration = True
	EndGlobalSection
	GlobalSection(Qt) = preSolution
		Integration = True
	EndGlobalSection
	GlobalSection(Qt) = preSolution
		Integration = True
	EndGlobalSection
	GlobalSection(Qt) = preSolution
		Integration = True
	EndGlobalSection
	GlobalSection(Qt) = preSolution
		Integration = True
	EndGlobalSection
	GlobalSection(Qt) = preSolution
		Integration = True
	EndGlobalSection
	GlobalSection(Qt) = preSolution
		Integration = True
	EndGlobalSection
	GlobalSection(Qt) = preSolution
		Integration = True
	EndGlobalSection
	GlobalSection(Qt) = preSolution
		Integration = True
	EndGlobalSection
	GlobalSection(Qt) = preSolution
		Integration = True
	EndGlobalSection
	GlobalSection(Qt) = preSolution
		Integration = True
	EndGlobalSection
	GlobalSection(Qt) = preSolution
		Integration = True
	EndGlobalSection
	GlobalSection(Qt) = preSolution
		Integration = True
	EndGlobalSection
	GlobalSection(Qt) = preSolution
		Integration = True
	EndGlobalSection
	GlobalSection(Qt) = preSolution
		Integration = True
	EndGlobalSection
	GlobalSection(Qt) = preSolution
		Integration = True
	EndGlobalSection
	GlobalSection(Qt) = preSolution
		Integration = True
	EndGlobalSection
EndGlobal
